
Microsoft Visual Studio Solution File, Format Version 11.00
# Visual Studio 2010
Project("{2150E333-8FDC-42A3-9474-1A3956D46DE8}") = "Client", "Client", "{4E0A0483-5E87-40EC-84AB-AC04347BEBA7}"
EndProject
Project("{2150E333-8FDC-42A3-9474-1A3956D46DE8}") = "Services", "Services", "{30EDE781-F534-4C0F-824D-1E52CCC30A4E}"
EndProject
Project("{FAE04EC0-301F-11D3-BF4B-00C04F79EFBC}") = "SMT.SAAS.Platform.Services", "SMT.SAAS.Platform.Services\SMT.SAAS.Platform.Services.csproj", "{BA877C1A-C032-40AA-878A-18629C09F9E3}"
EndProject
Project("{FAE04EC0-301F-11D3-BF4B-00C04F79EFBC}") = "SMT.SAAS.Platform.OracleDAL", "SMT.SAAS.Platform.DAL\SMT.SAAS.Platform.OracleDAL.csproj", "{77757498-17E8-4283-BD16-33D7F38E5D15}"
EndProject
Project("{FAE04EC0-301F-11D3-BF4B-00C04F79EFBC}") = "SMT.SAAS.Platform.BLL", "SMT.SAAS.Platform.BLL\SMT.SAAS.Platform.BLL.csproj", "{9AEC90BE-490B-4E07-A472-169C29B89B47}"
EndProject
Project("{FAE04EC0-301F-11D3-BF4B-00C04F79EFBC}") = "SMT.SAAS.Platform.ViewModel", "SMT.SAAS.Platform.ViewModel\SMT.SAAS.Platform.ViewModel.csproj", "{73FD83B7-6C49-480C-A244-C0805C06A141}"
EndProject
Project("{FAE04EC0-301F-11D3-BF4B-00C04F79EFBC}") = "SMT_Platform_EFModel", "SMT_PF_EFModel\SMT_Platform_EFModel.csproj", "{807FDE4C-7DD1-4086-B84D-19C2E986D034}"
EndProject
Project("{FAE04EC0-301F-11D3-BF4B-00C04F79EFBC}") = "SMT.SAAS.Platform.Web", "SMT.SAAS.Platform.Web\SMT.SAAS.Platform.Web.csproj", "{CC7406BF-531D-49CA-A764-0E99D1C3A9B1}"
EndProject
Project("{FAE04EC0-301F-11D3-BF4B-00C04F79EFBC}") = "SMT.SAAS.Platform.Model", "SMT.SAAS.Platform.Model\SMT.SAAS.Platform.Model.csproj", "{26673257-553A-45F5-996C-0D1291327CA5}"
EndProject
Project("{FAE04EC0-301F-11D3-BF4B-00C04F79EFBC}") = "SMT.SAAS.Platform.IDAL", "SMT.SAAS.Platform.IDAL\SMT.SAAS.Platform.IDAL.csproj", "{77A41E26-67BA-4F9F-ABFF-551A77DB88AA}"
EndProject
Project("{FAE04EC0-301F-11D3-BF4B-00C04F79EFBC}") = "SMT.SAAS.Platform.Server.Model", "SMT.SAAS.Platform.Server.Model\SMT.SAAS.Platform.Server.Model.csproj", "{C8A203CA-C6CC-4B59-9E83-92EC3F4E4EE5}"
EndProject
Project("{FAE04EC0-301F-11D3-BF4B-00C04F79EFBC}") = "SMT.SAAS.Platform.DALFactory", "SMT.SAAS.Platform.DALFactory\SMT.SAAS.Platform.DALFactory.csproj", "{B17B17C4-3B70-49E6-8B74-A8CA502C9C1A}"
EndProject
Project("{2150E333-8FDC-42A3-9474-1A3956D46DE8}") = "ServicesTest", "ServicesTest", "{872850B5-4C6E-45E6-B088-C09BC6C601B7}"
EndProject
Project("{FAE04EC0-301F-11D3-BF4B-00C04F79EFBC}") = "SMT.SAAS.Platform.Services.Test", "SMT.SAAS.Platform.Services.Test\SMT.SAAS.Platform.Services.Test.csproj", "{521B7BFD-6167-463C-BD80-C26CBFC945BA}"
	ProjectSection(ProjectDependencies) = postProject
		{BA877C1A-C032-40AA-878A-18629C09F9E3} = {BA877C1A-C032-40AA-878A-18629C09F9E3}
	EndProjectSection
EndProject
Project("{2150E333-8FDC-42A3-9474-1A3956D46DE8}") = "Solution Items", "Solution Items", "{7553B709-29BF-42DB-9DB4-B663BF4DFB30}"
EndProject
Project("{FAE04EC0-301F-11D3-BF4B-00C04F79EFBC}") = "SMT.SAAS.Platform.Client", "SMT.SAAS.Platform.Client\SMT.SAAS.Platform.Client.csproj", "{CC777E34-3BE7-4161-8C8D-A099179D87B9}"
	ProjectSection(ProjectDependencies) = postProject
		{BA877C1A-C032-40AA-878A-18629C09F9E3} = {BA877C1A-C032-40AA-878A-18629C09F9E3}
	EndProjectSection
EndProject
Project("{FAE04EC0-301F-11D3-BF4B-00C04F79EFBC}") = "SMT.SAAS.Platform.Application", "SMT.SAAS.Platform.Application\SMT.SAAS.Platform.Application.csproj", "{B81C7425-5713-4CEA-A5B3-0F010C132984}"
EndProject
Project("{FAE04EC0-301F-11D3-BF4B-00C04F79EFBC}") = "SMT.SAAS.Platform.Controls", "SMT.SAAS.Platform.Controls\SMT.SAAS.Platform.Controls.csproj", "{8A1C42E9-E74A-4ED8-AEBF-951EA4ACE6FA}"
EndProject
Project("{FAE04EC0-301F-11D3-BF4B-00C04F79EFBC}") = "SMT.SAAS.Platform.Core", "SMT.SAAS.Platform.Core\SMT.SAAS.Platform.Core.csproj", "{4D374B2B-BD04-44D2-85B8-6CFD28E199A0}"
EndProject
Project("{2150E333-8FDC-42A3-9474-1A3956D46DE8}") = "Framework", "Framework", "{4A6759F2-A42D-4807-9DC8-DAD460F3A821}"
EndProject
Project("{2150E333-8FDC-42A3-9474-1A3956D46DE8}") = "UI", "UI", "{05B539DA-F9DC-4FCA-A8D9-C216DF76DEC0}"
	ProjectSection(SolutionItems) = preProject
		优化项记载.txt = 优化项记载.txt
	EndProjectSection
EndProject
Project("{FAE04EC0-301F-11D3-BF4B-00C04F79EFBC}") = "SMT.SAAS.Platform.CommonServices", "SMT.SAAS.Platform.CommonServices\SMT.SAAS.Platform.CommonServices.csproj", "{2DF662B2-D42B-4E0D-8F98-45C34273C2C4}"
EndProject
Project("{FAE04EC0-301F-11D3-BF4B-00C04F79EFBC}") = "SMT.SAAS.Platform.WebParts", "SMT.SAAS.Platform.WebParts\SMT.SAAS.Platform.WebParts.csproj", "{A153BABA-D71D-49F0-A78A-B47A4B3F7F83}"
	ProjectSection(ProjectDependencies) = postProject
		{BA877C1A-C032-40AA-878A-18629C09F9E3} = {BA877C1A-C032-40AA-878A-18629C09F9E3}
	EndProjectSection
EndProject
Project("{FAE04EC0-301F-11D3-BF4B-00C04F79EFBC}") = "SMT.SaaS.LocalData", "..\..\..\SMT.SAAS.FrameWork\SMT.SaaS.FrameworkUI.Dlls\SMT.SaaS.LocalData\SMT.SaaS.LocalData.csproj", "{0FE5E626-1839-47B9-9457-79D042153EE0}"
EndProject
Project("{FAE04EC0-301F-11D3-BF4B-00C04F79EFBC}") = "SMT.SAAS.Extensions", "..\..\..\SMT.SAAS.FrameWork\SMT.SaaS.FrameworkUI.Dlls\SMT.SAAS.Extensions\SMT.SAAS.Extensions.csproj", "{8D95817E-5C11-4B5B-A052-0359EAFA4FB3}"
EndProject
Project("{FAE04EC0-301F-11D3-BF4B-00C04F79EFBC}") = "SMT.SAAS.Themes", "..\..\..\SMT.SAAS.FrameWork\SMT.SaaS.FrameworkUI.Dlls\SMT.SAAS.Themes\SMT.SAAS.Themes.csproj", "{2C6FFFA6-6ACD-4C24-ADD5-ACEB431011E0}"
EndProject
Project("{FAE04EC0-301F-11D3-BF4B-00C04F79EFBC}") = "SMT.SAAS.AnimationEngine", "..\..\..\SMT.SAAS.FrameWork\SMT.SaaS.FrameworkUI.Dlls\SMT.SAAS.AnimationEngine\SMT.SAAS.AnimationEngine.csproj", "{6E8DD53F-7B39-4C62-8859-8A1223FEEBB7}"
EndProject
Project("{FAE04EC0-301F-11D3-BF4B-00C04F79EFBC}") = "SMT.SaaS.Images", "..\..\..\SMT.SAAS.FrameWork\SMT.SaaS.FrameworkUI.Dlls\SMT.SaaS.Images\SMT.SaaS.Images.csproj", "{9920A527-CB27-4DA4-9D4F-AA82B1169A9A}"
EndProject
Project("{FAE04EC0-301F-11D3-BF4B-00C04F79EFBC}") = "SMT.SAAS.Loading", "SMT.SAAS.Loading\SMT.SAAS.Loading.csproj", "{FB2145AA-392E-4A16-978E-5132810FB549}"
EndProject
Project("{FAE04EC0-301F-11D3-BF4B-00C04F79EFBC}") = "SMT.SAAS.Platform", "SMT.SAAS.Platform\SMT.SAAS.Platform.csproj", "{7BE2BA69-C2B8-47C8-83EC-4FA0015E28CA}"
EndProject
Project("{FAE04EC0-301F-11D3-BF4B-00C04F79EFBC}") = "SMT.SAAS.ClientUtility", "..\..\..\SMT.SAAS.FrameWork\Old_FrameWorkUI\SMT.SAAS.ClientUtility\SMT.SAAS.ClientUtility.csproj", "{D7E796F2-24FC-456E-85E3-A980E1F46F7E}"
EndProject
Project("{FAE04EC0-301F-11D3-BF4B-00C04F79EFBC}") = "SMT.SAAS.ClientServices", "..\..\..\SMT.SAAS.FrameWork\Old_FrameWorkUI\SMT.SAAS.ClientServices\SMT.SAAS.ClientServices.csproj", "{C409C30D-3BFC-4F45-BF55-B5B746E86D2C}"
EndProject
Global
	GlobalSection(TestCaseManagementSettings) = postSolution
		CategoryFile = SMT.SAAS.Platform.vsmdi
	EndGlobalSection
	GlobalSection(SolutionConfigurationPlatforms) = preSolution
		Debug|Any CPU = Debug|Any CPU
		Debug|Mixed Platforms = Debug|Mixed Platforms
		Debug|x86 = Debug|x86
		Release|Any CPU = Release|Any CPU
		Release|Mixed Platforms = Release|Mixed Platforms
		Release|x86 = Release|x86
	EndGlobalSection
	GlobalSection(ProjectConfigurationPlatforms) = postSolution
		{BA877C1A-C032-40AA-878A-18629C09F9E3}.Debug|Any CPU.ActiveCfg = Debug|Any CPU
		{BA877C1A-C032-40AA-878A-18629C09F9E3}.Debug|Mixed Platforms.ActiveCfg = Debug|Any CPU
		{BA877C1A-C032-40AA-878A-18629C09F9E3}.Debug|Mixed Platforms.Build.0 = Debug|Any CPU
		{BA877C1A-C032-40AA-878A-18629C09F9E3}.Debug|x86.ActiveCfg = Debug|Any CPU
		{BA877C1A-C032-40AA-878A-18629C09F9E3}.Release|Any CPU.ActiveCfg = Release|Any CPU
		{BA877C1A-C032-40AA-878A-18629C09F9E3}.Release|Any CPU.Build.0 = Release|Any CPU
		{BA877C1A-C032-40AA-878A-18629C09F9E3}.Release|Mixed Platforms.ActiveCfg = Release|Any CPU
		{BA877C1A-C032-40AA-878A-18629C09F9E3}.Release|Mixed Platforms.Build.0 = Release|Any CPU
		{BA877C1A-C032-40AA-878A-18629C09F9E3}.Release|x86.ActiveCfg = Release|Any CPU
		{77757498-17E8-4283-BD16-33D7F38E5D15}.Debug|Any CPU.ActiveCfg = Debug|Any CPU
		{77757498-17E8-4283-BD16-33D7F38E5D15}.Debug|Mixed Platforms.ActiveCfg = Debug|Any CPU
		{77757498-17E8-4283-BD16-33D7F38E5D15}.Debug|Mixed Platforms.Build.0 = Debug|Any CPU
		{77757498-17E8-4283-BD16-33D7F38E5D15}.Debug|x86.ActiveCfg = Debug|Any CPU
		{77757498-17E8-4283-BD16-33D7F38E5D15}.Release|Any CPU.ActiveCfg = Release|Any CPU
		{77757498-17E8-4283-BD16-33D7F38E5D15}.Release|Any CPU.Build.0 = Release|Any CPU
		{77757498-17E8-4283-BD16-33D7F38E5D15}.Release|Mixed Platforms.ActiveCfg = Release|Any CPU
		{77757498-17E8-4283-BD16-33D7F38E5D15}.Release|Mixed Platforms.Build.0 = Release|Any CPU
		{77757498-17E8-4283-BD16-33D7F38E5D15}.Release|x86.ActiveCfg = Release|Any CPU
		{9AEC90BE-490B-4E07-A472-169C29B89B47}.Debug|Any CPU.ActiveCfg = Debug|Any CPU
		{9AEC90BE-490B-4E07-A472-169C29B89B47}.Debug|Mixed Platforms.ActiveCfg = Debug|Any CPU
		{9AEC90BE-490B-4E07-A472-169C29B89B47}.Debug|Mixed Platforms.Build.0 = Debug|Any CPU
		{9AEC90BE-490B-4E07-A472-169C29B89B47}.Debug|x86.ActiveCfg = Debug|Any CPU
		{9AEC90BE-490B-4E07-A472-169C29B89B47}.Release|Any CPU.ActiveCfg = Release|Any CPU
		{9AEC90BE-490B-4E07-A472-169C29B89B47}.Release|Any CPU.Build.0 = Release|Any CPU
		{9AEC90BE-490B-4E07-A472-169C29B89B47}.Release|Mixed Platforms.ActiveCfg = Release|Any CPU
		{9AEC90BE-490B-4E07-A472-169C29B89B47}.Release|Mixed Platforms.Build.0 = Release|Any CPU
		{9AEC90BE-490B-4E07-A472-169C29B89B47}.Release|x86.ActiveCfg = Release|Any CPU
		{73FD83B7-6C49-480C-A244-C0805C06A141}.Debug|Any CPU.ActiveCfg = Debug|Any CPU
		{73FD83B7-6C49-480C-A244-C0805C06A141}.Debug|Mixed Platforms.ActiveCfg = Debug|Any CPU
		{73FD83B7-6C49-480C-A244-C0805C06A141}.Debug|Mixed Platforms.Build.0 = Debug|Any CPU
		{73FD83B7-6C49-480C-A244-C0805C06A141}.Debug|x86.ActiveCfg = Debug|Any CPU
		{73FD83B7-6C49-480C-A244-C0805C06A141}.Release|Any CPU.ActiveCfg = Release|Any CPU
		{73FD83B7-6C49-480C-A244-C0805C06A141}.Release|Any CPU.Build.0 = Release|Any CPU
		{73FD83B7-6C49-480C-A244-C0805C06A141}.Release|Mixed Platforms.ActiveCfg = Release|Any CPU
		{73FD83B7-6C49-480C-A244-C0805C06A141}.Release|Mixed Platforms.Build.0 = Release|Any CPU
		{73FD83B7-6C49-480C-A244-C0805C06A141}.Release|x86.ActiveCfg = Release|Any CPU
		{807FDE4C-7DD1-4086-B84D-19C2E986D034}.Debug|Any CPU.ActiveCfg = Debug|Any CPU
		{807FDE4C-7DD1-4086-B84D-19C2E986D034}.Debug|Mixed Platforms.ActiveCfg = Debug|Any CPU
		{807FDE4C-7DD1-4086-B84D-19C2E986D034}.Debug|Mixed Platforms.Build.0 = Debug|Any CPU
		{807FDE4C-7DD1-4086-B84D-19C2E986D034}.Debug|x86.ActiveCfg = Debug|Any CPU
		{807FDE4C-7DD1-4086-B84D-19C2E986D034}.Release|Any CPU.ActiveCfg = Release|Any CPU
		{807FDE4C-7DD1-4086-B84D-19C2E986D034}.Release|Any CPU.Build.0 = Release|Any CPU
		{807FDE4C-7DD1-4086-B84D-19C2E986D034}.Release|Mixed Platforms.ActiveCfg = Release|Any CPU
		{807FDE4C-7DD1-4086-B84D-19C2E986D034}.Release|Mixed Platforms.Build.0 = Release|Any CPU
		{807FDE4C-7DD1-4086-B84D-19C2E986D034}.Release|x86.ActiveCfg = Release|Any CPU
		{CC7406BF-531D-49CA-A764-0E99D1C3A9B1}.Debug|Any CPU.ActiveCfg = Debug|Any CPU
		{CC7406BF-531D-49CA-A764-0E99D1C3A9B1}.Debug|Any CPU.Build.0 = Debug|Any CPU
		{CC7406BF-531D-49CA-A764-0E99D1C3A9B1}.Debug|Mixed Platforms.ActiveCfg = Debug|Any CPU
		{CC7406BF-531D-49CA-A764-0E99D1C3A9B1}.Debug|Mixed Platforms.Build.0 = Debug|Any CPU
		{CC7406BF-531D-49CA-A764-0E99D1C3A9B1}.Debug|x86.ActiveCfg = Debug|Any CPU
		{CC7406BF-531D-49CA-A764-0E99D1C3A9B1}.Release|Any CPU.ActiveCfg = Release|Any CPU
		{CC7406BF-531D-49CA-A764-0E99D1C3A9B1}.Release|Any CPU.Build.0 = Release|Any CPU
		{CC7406BF-531D-49CA-A764-0E99D1C3A9B1}.Release|Mixed Platforms.ActiveCfg = Release|Any CPU
		{CC7406BF-531D-49CA-A764-0E99D1C3A9B1}.Release|Mixed Platforms.Build.0 = Release|Any CPU
		{CC7406BF-531D-49CA-A764-0E99D1C3A9B1}.Release|x86.ActiveCfg = Release|Any CPU
		{26673257-553A-45F5-996C-0D1291327CA5}.Debug|Any CPU.ActiveCfg = Debug|Any CPU
		{26673257-553A-45F5-996C-0D1291327CA5}.Debug|Mixed Platforms.ActiveCfg = Debug|Any CPU
		{26673257-553A-45F5-996C-0D1291327CA5}.Debug|Mixed Platforms.Build.0 = Debug|Any CPU
		{26673257-553A-45F5-996C-0D1291327CA5}.Debug|x86.ActiveCfg = Debug|Any CPU
		{26673257-553A-45F5-996C-0D1291327CA5}.Release|Any CPU.ActiveCfg = Release|Any CPU
		{26673257-553A-45F5-996C-0D1291327CA5}.Release|Any CPU.Build.0 = Release|Any CPU
		{26673257-553A-45F5-996C-0D1291327CA5}.Release|Mixed Platforms.ActiveCfg = Release|Any CPU
		{26673257-553A-45F5-996C-0D1291327CA5}.Release|Mixed Platforms.Build.0 = Release|Any CPU
		{26673257-553A-45F5-996C-0D1291327CA5}.Release|x86.ActiveCfg = Release|Any CPU
		{77A41E26-67BA-4F9F-ABFF-551A77DB88AA}.Debug|Any CPU.ActiveCfg = Debug|Any CPU
		{77A41E26-67BA-4F9F-ABFF-551A77DB88AA}.Debug|Mixed Platforms.ActiveCfg = Debug|Any CPU
		{77A41E26-67BA-4F9F-ABFF-551A77DB88AA}.Debug|Mixed Platforms.Build.0 = Debug|Any CPU
		{77A41E26-67BA-4F9F-ABFF-551A77DB88AA}.Debug|x86.ActiveCfg = Debug|Any CPU
		{77A41E26-67BA-4F9F-ABFF-551A77DB88AA}.Release|Any CPU.ActiveCfg = Release|Any CPU
		{77A41E26-67BA-4F9F-ABFF-551A77DB88AA}.Release|Any CPU.Build.0 = Release|Any CPU
		{77A41E26-67BA-4F9F-ABFF-551A77DB88AA}.Release|Mixed Platforms.ActiveCfg = Release|Any CPU
		{77A41E26-67BA-4F9F-ABFF-551A77DB88AA}.Release|Mixed Platforms.Build.0 = Release|Any CPU
		{77A41E26-67BA-4F9F-ABFF-551A77DB88AA}.Release|x86.ActiveCfg = Release|Any CPU
		{C8A203CA-C6CC-4B59-9E83-92EC3F4E4EE5}.Debug|Any CPU.ActiveCfg = Debug|Any CPU
		{C8A203CA-C6CC-4B59-9E83-92EC3F4E4EE5}.Debug|Mixed Platforms.ActiveCfg = Debug|Any CPU
		{C8A203CA-C6CC-4B59-9E83-92EC3F4E4EE5}.Debug|Mixed Platforms.Build.0 = Debug|Any CPU
		{C8A203CA-C6CC-4B59-9E83-92EC3F4E4EE5}.Debug|x86.ActiveCfg = Debug|Any CPU
		{C8A203CA-C6CC-4B59-9E83-92EC3F4E4EE5}.Release|Any CPU.ActiveCfg = Release|Any CPU
		{C8A203CA-C6CC-4B59-9E83-92EC3F4E4EE5}.Release|Any CPU.Build.0 = Release|Any CPU
		{C8A203CA-C6CC-4B59-9E83-92EC3F4E4EE5}.Release|Mixed Platforms.ActiveCfg = Release|Any CPU
		{C8A203CA-C6CC-4B59-9E83-92EC3F4E4EE5}.Release|Mixed Platforms.Build.0 = Release|Any CPU
		{C8A203CA-C6CC-4B59-9E83-92EC3F4E4EE5}.Release|x86.ActiveCfg = Release|Any CPU
		{B17B17C4-3B70-49E6-8B74-A8CA502C9C1A}.Debug|Any CPU.ActiveCfg = Debug|Any CPU
		{B17B17C4-3B70-49E6-8B74-A8CA502C9C1A}.Debug|Mixed Platforms.ActiveCfg = Debug|Any CPU
		{B17B17C4-3B70-49E6-8B74-A8CA502C9C1A}.Debug|Mixed Platforms.Build.0 = Debug|Any CPU
		{B17B17C4-3B70-49E6-8B74-A8CA502C9C1A}.Debug|x86.ActiveCfg = Debug|Any CPU
		{B17B17C4-3B70-49E6-8B74-A8CA502C9C1A}.Release|Any CPU.ActiveCfg = Release|Any CPU
		{B17B17C4-3B70-49E6-8B74-A8CA502C9C1A}.Release|Any CPU.Build.0 = Release|Any CPU
		{B17B17C4-3B70-49E6-8B74-A8CA502C9C1A}.Release|Mixed Platforms.ActiveCfg = Release|Any CPU
		{B17B17C4-3B70-49E6-8B74-A8CA502C9C1A}.Release|Mixed Platforms.Build.0 = Release|Any CPU
		{B17B17C4-3B70-49E6-8B74-A8CA502C9C1A}.Release|x86.ActiveCfg = Release|Any CPU
		{521B7BFD-6167-463C-BD80-C26CBFC945BA}.Debug|Any CPU.ActiveCfg = Debug|Any CPU
		{521B7BFD-6167-463C-BD80-C26CBFC945BA}.Debug|Mixed Platforms.ActiveCfg = Debug|Any CPU
		{521B7BFD-6167-463C-BD80-C26CBFC945BA}.Debug|Mixed Platforms.Build.0 = Debug|Any CPU
		{521B7BFD-6167-463C-BD80-C26CBFC945BA}.Debug|x86.ActiveCfg = Debug|Any CPU
		{521B7BFD-6167-463C-BD80-C26CBFC945BA}.Release|Any CPU.ActiveCfg = Release|Any CPU
		{521B7BFD-6167-463C-BD80-C26CBFC945BA}.Release|Any CPU.Build.0 = Release|Any CPU
		{521B7BFD-6167-463C-BD80-C26CBFC945BA}.Release|Mixed Platforms.ActiveCfg = Release|Any CPU
		{521B7BFD-6167-463C-BD80-C26CBFC945BA}.Release|Mixed Platforms.Build.0 = Release|Any CPU
		{521B7BFD-6167-463C-BD80-C26CBFC945BA}.Release|x86.ActiveCfg = Release|Any CPU
		{CC777E34-3BE7-4161-8C8D-A099179D87B9}.Debug|Any CPU.ActiveCfg = Debug|Any CPU
		{CC777E34-3BE7-4161-8C8D-A099179D87B9}.Debug|Mixed Platforms.ActiveCfg = Debug|Any CPU
		{CC777E34-3BE7-4161-8C8D-A099179D87B9}.Debug|Mixed Platforms.Build.0 = Debug|Any CPU
		{CC777E34-3BE7-4161-8C8D-A099179D87B9}.Debug|x86.ActiveCfg = Debug|Any CPU
		{CC777E34-3BE7-4161-8C8D-A099179D87B9}.Release|Any CPU.ActiveCfg = Release|Any CPU
		{CC777E34-3BE7-4161-8C8D-A099179D87B9}.Release|Any CPU.Build.0 = Release|Any CPU
		{CC777E34-3BE7-4161-8C8D-A099179D87B9}.Release|Mixed Platforms.ActiveCfg = Release|Any CPU
		{CC777E34-3BE7-4161-8C8D-A099179D87B9}.Release|Mixed Platforms.Build.0 = Release|Any CPU
		{CC777E34-3BE7-4161-8C8D-A099179D87B9}.Release|x86.ActiveCfg = Release|Any CPU
		{B81C7425-5713-4CEA-A5B3-0F010C132984}.Debug|Any CPU.ActiveCfg = Debug|Any CPU
		{B81C7425-5713-4CEA-A5B3-0F010C132984}.Debug|Mixed Platforms.ActiveCfg = Debug|Any CPU
		{B81C7425-5713-4CEA-A5B3-0F010C132984}.Debug|Mixed Platforms.Build.0 = Debug|Any CPU
		{B81C7425-5713-4CEA-A5B3-0F010C132984}.Debug|x86.ActiveCfg = Debug|Any CPU
		{B81C7425-5713-4CEA-A5B3-0F010C132984}.Release|Any CPU.ActiveCfg = Release|Any CPU
		{B81C7425-5713-4CEA-A5B3-0F010C132984}.Release|Any CPU.Build.0 = Release|Any CPU
		{B81C7425-5713-4CEA-A5B3-0F010C132984}.Release|Mixed Platforms.ActiveCfg = Release|Any CPU
		{B81C7425-5713-4CEA-A5B3-0F010C132984}.Release|Mixed Platforms.Build.0 = Release|Any CPU
		{B81C7425-5713-4CEA-A5B3-0F010C132984}.Release|x86.ActiveCfg = Release|Any CPU
		{8A1C42E9-E74A-4ED8-AEBF-951EA4ACE6FA}.Debug|Any CPU.ActiveCfg = Debug|Any CPU
		{8A1C42E9-E74A-4ED8-AEBF-951EA4ACE6FA}.Debug|Mixed Platforms.ActiveCfg = Debug|Any CPU
		{8A1C42E9-E74A-4ED8-AEBF-951EA4ACE6FA}.Debug|Mixed Platforms.Build.0 = Debug|Any CPU
		{8A1C42E9-E74A-4ED8-AEBF-951EA4ACE6FA}.Debug|x86.ActiveCfg = Debug|Any CPU
		{8A1C42E9-E74A-4ED8-AEBF-951EA4ACE6FA}.Release|Any CPU.ActiveCfg = Release|Any CPU
		{8A1C42E9-E74A-4ED8-AEBF-951EA4ACE6FA}.Release|Any CPU.Build.0 = Release|Any CPU
		{8A1C42E9-E74A-4ED8-AEBF-951EA4ACE6FA}.Release|Mixed Platforms.ActiveCfg = Release|Any CPU
		{8A1C42E9-E74A-4ED8-AEBF-951EA4ACE6FA}.Release|Mixed Platforms.Build.0 = Release|Any CPU
		{8A1C42E9-E74A-4ED8-AEBF-951EA4ACE6FA}.Release|x86.ActiveCfg = Release|Any CPU
		{4D374B2B-BD04-44D2-85B8-6CFD28E199A0}.Debug|Any CPU.ActiveCfg = Debug|Any CPU
		{4D374B2B-BD04-44D2-85B8-6CFD28E199A0}.Debug|Mixed Platforms.ActiveCfg = Debug|Any CPU
		{4D374B2B-BD04-44D2-85B8-6CFD28E199A0}.Debug|Mixed Platforms.Build.0 = Debug|Any CPU
		{4D374B2B-BD04-44D2-85B8-6CFD28E199A0}.Debug|x86.ActiveCfg = Debug|Any CPU
		{4D374B2B-BD04-44D2-85B8-6CFD28E199A0}.Release|Any CPU.ActiveCfg = Release|Any CPU
		{4D374B2B-BD04-44D2-85B8-6CFD28E199A0}.Release|Any CPU.Build.0 = Release|Any CPU
		{4D374B2B-BD04-44D2-85B8-6CFD28E199A0}.Release|Mixed Platforms.ActiveCfg = Release|Any CPU
		{4D374B2B-BD04-44D2-85B8-6CFD28E199A0}.Release|Mixed Platforms.Build.0 = Release|Any CPU
		{4D374B2B-BD04-44D2-85B8-6CFD28E199A0}.Release|x86.ActiveCfg = Release|Any CPU
		{2DF662B2-D42B-4E0D-8F98-45C34273C2C4}.Debug|Any CPU.ActiveCfg = Debug|Any CPU
		{2DF662B2-D42B-4E0D-8F98-45C34273C2C4}.Debug|Mixed Platforms.ActiveCfg = Debug|Any CPU
		{2DF662B2-D42B-4E0D-8F98-45C34273C2C4}.Debug|Mixed Platforms.Build.0 = Debug|Any CPU
		{2DF662B2-D42B-4E0D-8F98-45C34273C2C4}.Debug|x86.ActiveCfg = Debug|Any CPU
		{2DF662B2-D42B-4E0D-8F98-45C34273C2C4}.Release|Any CPU.ActiveCfg = Release|Any CPU
		{2DF662B2-D42B-4E0D-8F98-45C34273C2C4}.Release|Any CPU.Build.0 = Release|Any CPU
		{2DF662B2-D42B-4E0D-8F98-45C34273C2C4}.Release|Mixed Platforms.ActiveCfg = Release|Any CPU
		{2DF662B2-D42B-4E0D-8F98-45C34273C2C4}.Release|Mixed Platforms.Build.0 = Release|Any CPU
		{2DF662B2-D42B-4E0D-8F98-45C34273C2C4}.Release|x86.ActiveCfg = Release|Any CPU
		{A153BABA-D71D-49F0-A78A-B47A4B3F7F83}.Debug|Any CPU.ActiveCfg = Debug|Any CPU
		{A153BABA-D71D-49F0-A78A-B47A4B3F7F83}.Debug|Mixed Platforms.ActiveCfg = Debug|Any CPU
		{A153BABA-D71D-49F0-A78A-B47A4B3F7F83}.Debug|Mixed Platforms.Build.0 = Debug|Any CPU
		{A153BABA-D71D-49F0-A78A-B47A4B3F7F83}.Debug|x86.ActiveCfg = Debug|Any CPU
		{A153BABA-D71D-49F0-A78A-B47A4B3F7F83}.Release|Any CPU.ActiveCfg = Release|Any CPU
		{A153BABA-D71D-49F0-A78A-B47A4B3F7F83}.Release|Any CPU.Build.0 = Release|Any CPU
		{A153BABA-D71D-49F0-A78A-B47A4B3F7F83}.Release|Mixed Platforms.ActiveCfg = Release|Any CPU
		{A153BABA-D71D-49F0-A78A-B47A4B3F7F83}.Release|Mixed Platforms.Build.0 = Release|Any CPU
		{A153BABA-D71D-49F0-A78A-B47A4B3F7F83}.Release|x86.ActiveCfg = Release|Any CPU
		{0FE5E626-1839-47B9-9457-79D042153EE0}.Debug|Any CPU.ActiveCfg = Debug|Any CPU
		{0FE5E626-1839-47B9-9457-79D042153EE0}.Debug|Any CPU.Build.0 = Debug|Any CPU
		{0FE5E626-1839-47B9-9457-79D042153EE0}.Debug|Mixed Platforms.ActiveCfg = Debug|Any CPU
		{0FE5E626-1839-47B9-9457-79D042153EE0}.Debug|Mixed Platforms.Build.0 = Debug|Any CPU
		{0FE5E626-1839-47B9-9457-79D042153EE0}.Debug|x86.ActiveCfg = Debug|Any CPU
		{0FE5E626-1839-47B9-9457-79D042153EE0}.Release|Any CPU.ActiveCfg = Release|Any CPU
		{0FE5E626-1839-47B9-9457-79D042153EE0}.Release|Any CPU.Build.0 = Release|Any CPU
		{0FE5E626-1839-47B9-9457-79D042153EE0}.Release|Mixed Platforms.ActiveCfg = Release|Any CPU
		{0FE5E626-1839-47B9-9457-79D042153EE0}.Release|Mixed Platforms.Build.0 = Release|Any CPU
		{0FE5E626-1839-47B9-9457-79D042153EE0}.Release|x86.ActiveCfg = Release|Any CPU
		{8D95817E-5C11-4B5B-A052-0359EAFA4FB3}.Debug|Any CPU.ActiveCfg = Debug|Any CPU
		{8D95817E-5C11-4B5B-A052-0359EAFA4FB3}.Debug|Any CPU.Build.0 = Debug|Any CPU
		{8D95817E-5C11-4B5B-A052-0359EAFA4FB3}.Debug|Mixed Platforms.ActiveCfg = Debug|Any CPU
		{8D95817E-5C11-4B5B-A052-0359EAFA4FB3}.Debug|Mixed Platforms.Build.0 = Debug|Any CPU
		{8D95817E-5C11-4B5B-A052-0359EAFA4FB3}.Debug|x86.ActiveCfg = Debug|Any CPU
		{8D95817E-5C11-4B5B-A052-0359EAFA4FB3}.Release|Any CPU.ActiveCfg = Release|Any CPU
		{8D95817E-5C11-4B5B-A052-0359EAFA4FB3}.Release|Any CPU.Build.0 = Release|Any CPU
		{8D95817E-5C11-4B5B-A052-0359EAFA4FB3}.Release|Mixed Platforms.ActiveCfg = Release|Any CPU
		{8D95817E-5C11-4B5B-A052-0359EAFA4FB3}.Release|Mixed Platforms.Build.0 = Release|Any CPU
		{8D95817E-5C11-4B5B-A052-0359EAFA4FB3}.Release|x86.ActiveCfg = Release|Any CPU
		{2C6FFFA6-6ACD-4C24-ADD5-ACEB431011E0}.Debug|Any CPU.ActiveCfg = Debug|Any CPU
		{2C6FFFA6-6ACD-4C24-ADD5-ACEB431011E0}.Debug|Any CPU.Build.0 = Debug|Any CPU
		{2C6FFFA6-6ACD-4C24-ADD5-ACEB431011E0}.Debug|Mixed Platforms.ActiveCfg = Debug|Any CPU
		{2C6FFFA6-6ACD-4C24-ADD5-ACEB431011E0}.Debug|Mixed Platforms.Build.0 = Debug|Any CPU
		{2C6FFFA6-6ACD-4C24-ADD5-ACEB431011E0}.Debug|x86.ActiveCfg = Debug|Any CPU
		{2C6FFFA6-6ACD-4C24-ADD5-ACEB431011E0}.Release|Any CPU.ActiveCfg = Release|Any CPU
		{2C6FFFA6-6ACD-4C24-ADD5-ACEB431011E0}.Release|Any CPU.Build.0 = Release|Any CPU
		{2C6FFFA6-6ACD-4C24-ADD5-ACEB431011E0}.Release|Mixed Platforms.ActiveCfg = Release|Any CPU
		{2C6FFFA6-6ACD-4C24-ADD5-ACEB431011E0}.Release|Mixed Platforms.Build.0 = Release|Any CPU
		{2C6FFFA6-6ACD-4C24-ADD5-ACEB431011E0}.Release|x86.ActiveCfg = Release|Any CPU
		{6E8DD53F-7B39-4C62-8859-8A1223FEEBB7}.Debug|Any CPU.ActiveCfg = Debug|Any CPU
		{6E8DD53F-7B39-4C62-8859-8A1223FEEBB7}.Debug|Any CPU.Build.0 = Debug|Any CPU
		{6E8DD53F-7B39-4C62-8859-8A1223FEEBB7}.Debug|Mixed Platforms.ActiveCfg = Debug|Any CPU
		{6E8DD53F-7B39-4C62-8859-8A1223FEEBB7}.Debug|Mixed Platforms.Build.0 = Debug|Any CPU
		{6E8DD53F-7B39-4C62-8859-8A1223FEEBB7}.Debug|x86.ActiveCfg = Debug|Any CPU
		{6E8DD53F-7B39-4C62-8859-8A1223FEEBB7}.Release|Any CPU.ActiveCfg = Release|Any CPU
		{6E8DD53F-7B39-4C62-8859-8A1223FEEBB7}.Release|Any CPU.Build.0 = Release|Any CPU
		{6E8DD53F-7B39-4C62-8859-8A1223FEEBB7}.Release|Mixed Platforms.ActiveCfg = Release|Any CPU
		{6E8DD53F-7B39-4C62-8859-8A1223FEEBB7}.Release|Mixed Platforms.Build.0 = Release|Any CPU
		{6E8DD53F-7B39-4C62-8859-8A1223FEEBB7}.Release|x86.ActiveCfg = Release|Any CPU
		{9920A527-CB27-4DA4-9D4F-AA82B1169A9A}.Debug|Any CPU.ActiveCfg = Debug|Any CPU
		{9920A527-CB27-4DA4-9D4F-AA82B1169A9A}.Debug|Any CPU.Build.0 = Debug|Any CPU
		{9920A527-CB27-4DA4-9D4F-AA82B1169A9A}.Debug|Mixed Platforms.ActiveCfg = Debug|Any CPU
		{9920A527-CB27-4DA4-9D4F-AA82B1169A9A}.Debug|Mixed Platforms.Build.0 = Debug|Any CPU
		{9920A527-CB27-4DA4-9D4F-AA82B1169A9A}.Debug|x86.ActiveCfg = Debug|Any CPU
		{9920A527-CB27-4DA4-9D4F-AA82B1169A9A}.Release|Any CPU.ActiveCfg = Release|Any CPU
		{9920A527-CB27-4DA4-9D4F-AA82B1169A9A}.Release|Any CPU.Build.0 = Release|Any CPU
		{9920A527-CB27-4DA4-9D4F-AA82B1169A9A}.Release|Mixed Platforms.ActiveCfg = Release|Any CPU
		{9920A527-CB27-4DA4-9D4F-AA82B1169A9A}.Release|Mixed Platforms.Build.0 = Release|Any CPU
		{9920A527-CB27-4DA4-9D4F-AA82B1169A9A}.Release|x86.ActiveCfg = Release|Any CPU
		{FB2145AA-392E-4A16-978E-5132810FB549}.Debug|Any CPU.ActiveCfg = Debug|Any CPU
		{FB2145AA-392E-4A16-978E-5132810FB549}.Debug|Any CPU.Build.0 = Debug|Any CPU
		{FB2145AA-392E-4A16-978E-5132810FB549}.Debug|Mixed Platforms.ActiveCfg = Debug|Any CPU
		{FB2145AA-392E-4A16-978E-5132810FB549}.Debug|Mixed Platforms.Build.0 = Debug|Any CPU
		{FB2145AA-392E-4A16-978E-5132810FB549}.Debug|x86.ActiveCfg = Debug|Any CPU
		{FB2145AA-392E-4A16-978E-5132810FB549}.Release|Any CPU.ActiveCfg = Release|Any CPU
		{FB2145AA-392E-4A16-978E-5132810FB549}.Release|Any CPU.Build.0 = Release|Any CPU
		{FB2145AA-392E-4A16-978E-5132810FB549}.Release|Mixed Platforms.ActiveCfg = Release|Any CPU
		{FB2145AA-392E-4A16-978E-5132810FB549}.Release|Mixed Platforms.Build.0 = Release|Any CPU
		{FB2145AA-392E-4A16-978E-5132810FB549}.Release|x86.ActiveCfg = Release|Any CPU
		{7BE2BA69-C2B8-47C8-83EC-4FA0015E28CA}.Debug|Any CPU.ActiveCfg = Debug|Any CPU
		{7BE2BA69-C2B8-47C8-83EC-4FA0015E28CA}.Debug|Any CPU.Build.0 = Debug|Any CPU
		{7BE2BA69-C2B8-47C8-83EC-4FA0015E28CA}.Debug|Mixed Platforms.ActiveCfg = Debug|Any CPU
		{7BE2BA69-C2B8-47C8-83EC-4FA0015E28CA}.Debug|Mixed Platforms.Build.0 = Debug|Any CPU
		{7BE2BA69-C2B8-47C8-83EC-4FA0015E28CA}.Debug|x86.ActiveCfg = Debug|Any CPU
		{7BE2BA69-C2B8-47C8-83EC-4FA0015E28CA}.Release|Any CPU.ActiveCfg = Release|Any CPU
		{7BE2BA69-C2B8-47C8-83EC-4FA0015E28CA}.Release|Any CPU.Build.0 = Release|Any CPU
		{7BE2BA69-C2B8-47C8-83EC-4FA0015E28CA}.Release|Mixed Platforms.ActiveCfg = Release|Any CPU
		{7BE2BA69-C2B8-47C8-83EC-4FA0015E28CA}.Release|Mixed Platforms.Build.0 = Release|Any CPU
		{7BE2BA69-C2B8-47C8-83EC-4FA0015E28CA}.Release|x86.ActiveCfg = Release|Any CPU
		{D7E796F2-24FC-456E-85E3-A980E1F46F7E}.Debug|Any CPU.ActiveCfg = Debug|Any CPU
		{D7E796F2-24FC-456E-85E3-A980E1F46F7E}.Debug|Any CPU.Build.0 = Debug|Any CPU
		{D7E796F2-24FC-456E-85E3-A980E1F46F7E}.Debug|Mixed Platforms.ActiveCfg = Debug|Any CPU
		{D7E796F2-24FC-456E-85E3-A980E1F46F7E}.Debug|Mixed Platforms.Build.0 = Debug|Any CPU
		{D7E796F2-24FC-456E-85E3-A980E1F46F7E}.Debug|x86.ActiveCfg = Debug|Any CPU
		{D7E796F2-24FC-456E-85E3-A980E1F46F7E}.Release|Any CPU.ActiveCfg = Release|Any CPU
		{D7E796F2-24FC-456E-85E3-A980E1F46F7E}.Release|Any CPU.Build.0 = Release|Any CPU
		{D7E796F2-24FC-456E-85E3-A980E1F46F7E}.Release|Mixed Platforms.ActiveCfg = Release|Any CPU
		{D7E796F2-24FC-456E-85E3-A980E1F46F7E}.Release|Mixed Platforms.Build.0 = Release|Any CPU
		{D7E796F2-24FC-456E-85E3-A980E1F46F7E}.Release|x86.ActiveCfg = Release|Any CPU
		{C409C30D-3BFC-4F45-BF55-B5B746E86D2C}.Debug|Any CPU.ActiveCfg = Debug|Any CPU
		{C409C30D-3BFC-4F45-BF55-B5B746E86D2C}.Debug|Any CPU.Build.0 = Debug|Any CPU
		{C409C30D-3BFC-4F45-BF55-B5B746E86D2C}.Debug|Mixed Platforms.ActiveCfg = Debug|Any CPU
		{C409C30D-3BFC-4F45-BF55-B5B746E86D2C}.Debug|Mixed Platforms.Build.0 = Debug|Any CPU
		{C409C30D-3BFC-4F45-BF55-B5B746E86D2C}.Debug|x86.ActiveCfg = Debug|Any CPU
		{C409C30D-3BFC-4F45-BF55-B5B746E86D2C}.Release|Any CPU.ActiveCfg = Release|Any CPU
		{C409C30D-3BFC-4F45-BF55-B5B746E86D2C}.Release|Any CPU.Build.0 = Release|Any CPU
		{C409C30D-3BFC-4F45-BF55-B5B746E86D2C}.Release|Mixed Platforms.ActiveCfg = Release|Any CPU
		{C409C30D-3BFC-4F45-BF55-B5B746E86D2C}.Release|Mixed Platforms.Build.0 = Release|Any CPU
		{C409C30D-3BFC-4F45-BF55-B5B746E86D2C}.Release|x86.ActiveCfg = Release|Any CPU
	EndGlobalSection
	GlobalSection(SolutionProperties) = preSolution
		HideSolutionNode = FALSE
	EndGlobalSection
	GlobalSection(NestedProjects) = preSolution
		{CC7406BF-531D-49CA-A764-0E99D1C3A9B1} = {4E0A0483-5E87-40EC-84AB-AC04347BEBA7}
		{FB2145AA-392E-4A16-978E-5132810FB549} = {4E0A0483-5E87-40EC-84AB-AC04347BEBA7}
		{BA877C1A-C032-40AA-878A-18629C09F9E3} = {30EDE781-F534-4C0F-824D-1E52CCC30A4E}
		{77757498-17E8-4283-BD16-33D7F38E5D15} = {30EDE781-F534-4C0F-824D-1E52CCC30A4E}
		{9AEC90BE-490B-4E07-A472-169C29B89B47} = {30EDE781-F534-4C0F-824D-1E52CCC30A4E}
		{807FDE4C-7DD1-4086-B84D-19C2E986D034} = {30EDE781-F534-4C0F-824D-1E52CCC30A4E}
		{77A41E26-67BA-4F9F-ABFF-551A77DB88AA} = {30EDE781-F534-4C0F-824D-1E52CCC30A4E}
		{C8A203CA-C6CC-4B59-9E83-92EC3F4E4EE5} = {30EDE781-F534-4C0F-824D-1E52CCC30A4E}
		{B17B17C4-3B70-49E6-8B74-A8CA502C9C1A} = {30EDE781-F534-4C0F-824D-1E52CCC30A4E}
		{872850B5-4C6E-45E6-B088-C09BC6C601B7} = {30EDE781-F534-4C0F-824D-1E52CCC30A4E}
		{2DF662B2-D42B-4E0D-8F98-45C34273C2C4} = {30EDE781-F534-4C0F-824D-1E52CCC30A4E}
		{26673257-553A-45F5-996C-0D1291327CA5} = {05B539DA-F9DC-4FCA-A8D9-C216DF76DEC0}
		{CC777E34-3BE7-4161-8C8D-A099179D87B9} = {05B539DA-F9DC-4FCA-A8D9-C216DF76DEC0}
		{4D374B2B-BD04-44D2-85B8-6CFD28E199A0} = {05B539DA-F9DC-4FCA-A8D9-C216DF76DEC0}
		{73FD83B7-6C49-480C-A244-C0805C06A141} = {05B539DA-F9DC-4FCA-A8D9-C216DF76DEC0}
		{A153BABA-D71D-49F0-A78A-B47A4B3F7F83} = {05B539DA-F9DC-4FCA-A8D9-C216DF76DEC0}
		{7BE2BA69-C2B8-47C8-83EC-4FA0015E28CA} = {05B539DA-F9DC-4FCA-A8D9-C216DF76DEC0}
		{521B7BFD-6167-463C-BD80-C26CBFC945BA} = {872850B5-4C6E-45E6-B088-C09BC6C601B7}
		{7553B709-29BF-42DB-9DB4-B663BF4DFB30} = {872850B5-4C6E-45E6-B088-C09BC6C601B7}
		{8A1C42E9-E74A-4ED8-AEBF-951EA4ACE6FA} = {4A6759F2-A42D-4807-9DC8-DAD460F3A821}
		{B81C7425-5713-4CEA-A5B3-0F010C132984} = {4A6759F2-A42D-4807-9DC8-DAD460F3A821}
		{0FE5E626-1839-47B9-9457-79D042153EE0} = {4A6759F2-A42D-4807-9DC8-DAD460F3A821}
		{8D95817E-5C11-4B5B-A052-0359EAFA4FB3} = {4A6759F2-A42D-4807-9DC8-DAD460F3A821}
		{2C6FFFA6-6ACD-4C24-ADD5-ACEB431011E0} = {4A6759F2-A42D-4807-9DC8-DAD460F3A821}
		{6E8DD53F-7B39-4C62-8859-8A1223FEEBB7} = {4A6759F2-A42D-4807-9DC8-DAD460F3A821}
		{9920A527-CB27-4DA4-9D4F-AA82B1169A9A} = {4A6759F2-A42D-4807-9DC8-DAD460F3A821}
		{D7E796F2-24FC-456E-85E3-A980E1F46F7E} = {4A6759F2-A42D-4807-9DC8-DAD460F3A821}
		{C409C30D-3BFC-4F45-BF55-B5B746E86D2C} = {4A6759F2-A42D-4807-9DC8-DAD460F3A821}
	EndGlobalSection
EndGlobal
