
Microsoft Visual Studio Solution File, Format Version 12.00
# Visual Studio 2013
VisualStudioVersion = 12.0.21005.1
MinimumVisualStudioVersion = 10.0.40219.1
Project("{2150E333-8FDC-42A3-9474-1A3956D46DE8}") = "RefrenceProject", "RefrenceProject", "{D9FFD915-440A-434A-9094-95A6336ABA33}"
EndProject
Project("{FAE04EC0-301F-11D3-BF4B-00C04F79EFBC}") = "SMT.FBAnalysis.DAL", "SMT.FBAnalysis.DAL\SMT.FBAnalysis.DAL.csproj", "{F44EE046-87BE-45C8-9F9C-17A8B26DE720}"
EndProject
Project("{FAE04EC0-301F-11D3-BF4B-00C04F79EFBC}") = "SMT.FBAnalysis.BLL", "SMT.FBAnalysis.BLL\SMT.FBAnalysis.BLL.csproj", "{3F51B547-F9DC-4028-8B84-4855F028DCB0}"
EndProject
Project("{FAE04EC0-301F-11D3-BF4B-00C04F79EFBC}") = "SMT.FBAnalysis.UI", "SMT.FBAnalysis.UI\SMT.FBAnalysis.UI.csproj", "{9D4754E3-20F9-477F-B53F-ABB9FBC4667B}"
EndProject
Project("{FAE04EC0-301F-11D3-BF4B-00C04F79EFBC}") = "SMT.FBAnalysis.UI.Web", "SMT.FBAnalysis.UI.Web\SMT.FBAnalysis.UI.Web.csproj", "{A29F6EE7-DB99-4BF4-8199-C2A73F651EEB}"
EndProject
Project("{FAE04EC0-301F-11D3-BF4B-00C04F79EFBC}") = "SMT.FBAnalysis.Service", "SMT.FBAnalysis.Service\SMT.FBAnalysis.Service.csproj", "{4D11E775-0EF0-470C-84A2-AAB6318AFC80}"
EndProject
Project("{FAE04EC0-301F-11D3-BF4B-00C04F79EFBC}") = "SMT.FBAnalysis.ClientServices", "SMT.FBAnalysis.ClientServices\SMT.FBAnalysis.ClientServices.csproj", "{733A41D2-E800-44B0-9D1D-90481F4207D5}"
	ProjectSection(ProjectDependencies) = postProject
		{4D11E775-0EF0-470C-84A2-AAB6318AFC80} = {4D11E775-0EF0-470C-84A2-AAB6318AFC80}
	EndProjectSection
EndProject
Project("{FAE04EC0-301F-11D3-BF4B-00C04F79EFBC}") = "SMT.FBAnalysis.CustomModel", "SMT.FBAnalysis.CustomModel\SMT.FBAnalysis.CustomModel.csproj", "{84CCC052-4DD1-4153-9A04-27A43BEEE4F7}"
EndProject
Project("{FAE04EC0-301F-11D3-BF4B-00C04F79EFBC}") = "SMT_FB_EFModel", "SMT_FB_EFModel\SMT_FB_EFModel.csproj", "{764CEDC0-CAC5-4252-AE43-D2F2E9763F5F}"
EndProject
Project("{FAE04EC0-301F-11D3-BF4B-00C04F79EFBC}") = "SMT.FBAnalysis.CommProj", "SMT.FBAnalysis.CommProj\SMT.FBAnalysis.CommProj.csproj", "{443EC6D3-A993-44D3-B4B8-44F1F37A8C63}"
EndProject
Global
	GlobalSection(SolutionConfigurationPlatforms) = preSolution
		Debug|Any CPU = Debug|Any CPU
		Debug|Mixed Platforms = Debug|Mixed Platforms
		Debug|x86 = Debug|x86
		Release|Any CPU = Release|Any CPU
		Release|Mixed Platforms = Release|Mixed Platforms
		Release|x86 = Release|x86
		UI|Any CPU = UI|Any CPU
		UI|Mixed Platforms = UI|Mixed Platforms
		UI|x86 = UI|x86
		UIDebug|Any CPU = UIDebug|Any CPU
		UIDebug|Mixed Platforms = UIDebug|Mixed Platforms
		UIDebug|x86 = UIDebug|x86
	EndGlobalSection
	GlobalSection(ProjectConfigurationPlatforms) = postSolution
		{F44EE046-87BE-45C8-9F9C-17A8B26DE720}.Debug|Any CPU.ActiveCfg = Debug|Any CPU
		{F44EE046-87BE-45C8-9F9C-17A8B26DE720}.Debug|Any CPU.Build.0 = Debug|Any CPU
		{F44EE046-87BE-45C8-9F9C-17A8B26DE720}.Debug|Mixed Platforms.ActiveCfg = Debug|Any CPU
		{F44EE046-87BE-45C8-9F9C-17A8B26DE720}.Debug|Mixed Platforms.Build.0 = Debug|Any CPU
		{F44EE046-87BE-45C8-9F9C-17A8B26DE720}.Debug|x86.ActiveCfg = Debug|Any CPU
		{F44EE046-87BE-45C8-9F9C-17A8B26DE720}.Release|Any CPU.ActiveCfg = Release|Any CPU
		{F44EE046-87BE-45C8-9F9C-17A8B26DE720}.Release|Any CPU.Build.0 = Release|Any CPU
		{F44EE046-87BE-45C8-9F9C-17A8B26DE720}.Release|Mixed Platforms.ActiveCfg = Release|Any CPU
		{F44EE046-87BE-45C8-9F9C-17A8B26DE720}.Release|Mixed Platforms.Build.0 = Release|Any CPU
		{F44EE046-87BE-45C8-9F9C-17A8B26DE720}.Release|x86.ActiveCfg = Release|Any CPU
		{F44EE046-87BE-45C8-9F9C-17A8B26DE720}.UI|Any CPU.ActiveCfg = Release|Any CPU
		{F44EE046-87BE-45C8-9F9C-17A8B26DE720}.UI|Any CPU.Build.0 = Release|Any CPU
		{F44EE046-87BE-45C8-9F9C-17A8B26DE720}.UI|Mixed Platforms.ActiveCfg = Release|Any CPU
		{F44EE046-87BE-45C8-9F9C-17A8B26DE720}.UI|Mixed Platforms.Build.0 = Release|Any CPU
		{F44EE046-87BE-45C8-9F9C-17A8B26DE720}.UI|x86.ActiveCfg = Release|Any CPU
		{F44EE046-87BE-45C8-9F9C-17A8B26DE720}.UIDebug|Any CPU.ActiveCfg = Debug|Any CPU
		{F44EE046-87BE-45C8-9F9C-17A8B26DE720}.UIDebug|Any CPU.Build.0 = Debug|Any CPU
		{F44EE046-87BE-45C8-9F9C-17A8B26DE720}.UIDebug|Mixed Platforms.ActiveCfg = Debug|Any CPU
		{F44EE046-87BE-45C8-9F9C-17A8B26DE720}.UIDebug|Mixed Platforms.Build.0 = Debug|Any CPU
		{F44EE046-87BE-45C8-9F9C-17A8B26DE720}.UIDebug|x86.ActiveCfg = Debug|Any CPU
		{3F51B547-F9DC-4028-8B84-4855F028DCB0}.Debug|Any CPU.ActiveCfg = Debug|Any CPU
		{3F51B547-F9DC-4028-8B84-4855F028DCB0}.Debug|Any CPU.Build.0 = Debug|Any CPU
		{3F51B547-F9DC-4028-8B84-4855F028DCB0}.Debug|Mixed Platforms.ActiveCfg = Debug|Any CPU
		{3F51B547-F9DC-4028-8B84-4855F028DCB0}.Debug|Mixed Platforms.Build.0 = Debug|Any CPU
		{3F51B547-F9DC-4028-8B84-4855F028DCB0}.Debug|x86.ActiveCfg = Debug|Any CPU
		{3F51B547-F9DC-4028-8B84-4855F028DCB0}.Release|Any CPU.ActiveCfg = Release|Any CPU
		{3F51B547-F9DC-4028-8B84-4855F028DCB0}.Release|Any CPU.Build.0 = Release|Any CPU
		{3F51B547-F9DC-4028-8B84-4855F028DCB0}.Release|Mixed Platforms.ActiveCfg = Release|Any CPU
		{3F51B547-F9DC-4028-8B84-4855F028DCB0}.Release|Mixed Platforms.Build.0 = Release|Any CPU
		{3F51B547-F9DC-4028-8B84-4855F028DCB0}.Release|x86.ActiveCfg = Release|Any CPU
		{3F51B547-F9DC-4028-8B84-4855F028DCB0}.UI|Any CPU.ActiveCfg = Release|Any CPU
		{3F51B547-F9DC-4028-8B84-4855F028DCB0}.UI|Any CPU.Build.0 = Release|Any CPU
		{3F51B547-F9DC-4028-8B84-4855F028DCB0}.UI|Mixed Platforms.ActiveCfg = Release|Any CPU
		{3F51B547-F9DC-4028-8B84-4855F028DCB0}.UI|Mixed Platforms.Build.0 = Release|Any CPU
		{3F51B547-F9DC-4028-8B84-4855F028DCB0}.UI|x86.ActiveCfg = Release|Any CPU
		{3F51B547-F9DC-4028-8B84-4855F028DCB0}.UIDebug|Any CPU.ActiveCfg = Debug|Any CPU
		{3F51B547-F9DC-4028-8B84-4855F028DCB0}.UIDebug|Any CPU.Build.0 = Debug|Any CPU
		{3F51B547-F9DC-4028-8B84-4855F028DCB0}.UIDebug|Mixed Platforms.ActiveCfg = Debug|Any CPU
		{3F51B547-F9DC-4028-8B84-4855F028DCB0}.UIDebug|Mixed Platforms.Build.0 = Debug|Any CPU
		{3F51B547-F9DC-4028-8B84-4855F028DCB0}.UIDebug|x86.ActiveCfg = Debug|Any CPU
		{9D4754E3-20F9-477F-B53F-ABB9FBC4667B}.Debug|Any CPU.ActiveCfg = Debug|Any CPU
		{9D4754E3-20F9-477F-B53F-ABB9FBC4667B}.Debug|Any CPU.Build.0 = Debug|Any CPU
		{9D4754E3-20F9-477F-B53F-ABB9FBC4667B}.Debug|Mixed Platforms.ActiveCfg = Debug|Any CPU
		{9D4754E3-20F9-477F-B53F-ABB9FBC4667B}.Debug|Mixed Platforms.Build.0 = Debug|Any CPU
		{9D4754E3-20F9-477F-B53F-ABB9FBC4667B}.Debug|x86.ActiveCfg = Debug|Any CPU
		{9D4754E3-20F9-477F-B53F-ABB9FBC4667B}.Release|Any CPU.ActiveCfg = Release|Any CPU
		{9D4754E3-20F9-477F-B53F-ABB9FBC4667B}.Release|Any CPU.Build.0 = Release|Any CPU
		{9D4754E3-20F9-477F-B53F-ABB9FBC4667B}.Release|Mixed Platforms.ActiveCfg = Release|Any CPU
		{9D4754E3-20F9-477F-B53F-ABB9FBC4667B}.Release|Mixed Platforms.Build.0 = Release|Any CPU
		{9D4754E3-20F9-477F-B53F-ABB9FBC4667B}.Release|x86.ActiveCfg = Release|Any CPU
		{9D4754E3-20F9-477F-B53F-ABB9FBC4667B}.UI|Any CPU.ActiveCfg = Release|Any CPU
		{9D4754E3-20F9-477F-B53F-ABB9FBC4667B}.UI|Any CPU.Build.0 = Release|Any CPU
		{9D4754E3-20F9-477F-B53F-ABB9FBC4667B}.UI|Mixed Platforms.ActiveCfg = Release|Any CPU
		{9D4754E3-20F9-477F-B53F-ABB9FBC4667B}.UI|Mixed Platforms.Build.0 = Release|Any CPU
		{9D4754E3-20F9-477F-B53F-ABB9FBC4667B}.UI|x86.ActiveCfg = Release|Any CPU
		{9D4754E3-20F9-477F-B53F-ABB9FBC4667B}.UIDebug|Any CPU.ActiveCfg = Debug|Any CPU
		{9D4754E3-20F9-477F-B53F-ABB9FBC4667B}.UIDebug|Any CPU.Build.0 = Debug|Any CPU
		{9D4754E3-20F9-477F-B53F-ABB9FBC4667B}.UIDebug|Mixed Platforms.ActiveCfg = Debug|Any CPU
		{9D4754E3-20F9-477F-B53F-ABB9FBC4667B}.UIDebug|Mixed Platforms.Build.0 = Debug|Any CPU
		{9D4754E3-20F9-477F-B53F-ABB9FBC4667B}.UIDebug|x86.ActiveCfg = Debug|Any CPU
		{A29F6EE7-DB99-4BF4-8199-C2A73F651EEB}.Debug|Any CPU.ActiveCfg = Debug|Any CPU
		{A29F6EE7-DB99-4BF4-8199-C2A73F651EEB}.Debug|Any CPU.Build.0 = Debug|Any CPU
		{A29F6EE7-DB99-4BF4-8199-C2A73F651EEB}.Debug|Mixed Platforms.ActiveCfg = Debug|Any CPU
		{A29F6EE7-DB99-4BF4-8199-C2A73F651EEB}.Debug|Mixed Platforms.Build.0 = Debug|Any CPU
		{A29F6EE7-DB99-4BF4-8199-C2A73F651EEB}.Debug|x86.ActiveCfg = Debug|Any CPU
		{A29F6EE7-DB99-4BF4-8199-C2A73F651EEB}.Release|Any CPU.ActiveCfg = Release|Any CPU
		{A29F6EE7-DB99-4BF4-8199-C2A73F651EEB}.Release|Any CPU.Build.0 = Release|Any CPU
		{A29F6EE7-DB99-4BF4-8199-C2A73F651EEB}.Release|Mixed Platforms.ActiveCfg = Release|Any CPU
		{A29F6EE7-DB99-4BF4-8199-C2A73F651EEB}.Release|Mixed Platforms.Build.0 = Release|Any CPU
		{A29F6EE7-DB99-4BF4-8199-C2A73F651EEB}.Release|x86.ActiveCfg = Release|Any CPU
		{A29F6EE7-DB99-4BF4-8199-C2A73F651EEB}.UI|Any CPU.ActiveCfg = Release|Any CPU
		{A29F6EE7-DB99-4BF4-8199-C2A73F651EEB}.UI|Any CPU.Build.0 = Release|Any CPU
		{A29F6EE7-DB99-4BF4-8199-C2A73F651EEB}.UI|Mixed Platforms.ActiveCfg = Release|Any CPU
		{A29F6EE7-DB99-4BF4-8199-C2A73F651EEB}.UI|Mixed Platforms.Build.0 = Release|Any CPU
		{A29F6EE7-DB99-4BF4-8199-C2A73F651EEB}.UI|x86.ActiveCfg = Release|Any CPU
		{A29F6EE7-DB99-4BF4-8199-C2A73F651EEB}.UIDebug|Any CPU.ActiveCfg = Debug|Any CPU
		{A29F6EE7-DB99-4BF4-8199-C2A73F651EEB}.UIDebug|Any CPU.Build.0 = Debug|Any CPU
		{A29F6EE7-DB99-4BF4-8199-C2A73F651EEB}.UIDebug|Mixed Platforms.ActiveCfg = Debug|Any CPU
		{A29F6EE7-DB99-4BF4-8199-C2A73F651EEB}.UIDebug|Mixed Platforms.Build.0 = Debug|Any CPU
		{A29F6EE7-DB99-4BF4-8199-C2A73F651EEB}.UIDebug|x86.ActiveCfg = Debug|Any CPU
		{4D11E775-0EF0-470C-84A2-AAB6318AFC80}.Debug|Any CPU.ActiveCfg = Debug|Any CPU
		{4D11E775-0EF0-470C-84A2-AAB6318AFC80}.Debug|Any CPU.Build.0 = Debug|Any CPU
		{4D11E775-0EF0-470C-84A2-AAB6318AFC80}.Debug|Mixed Platforms.ActiveCfg = Debug|Any CPU
		{4D11E775-0EF0-470C-84A2-AAB6318AFC80}.Debug|Mixed Platforms.Build.0 = Debug|Any CPU
		{4D11E775-0EF0-470C-84A2-AAB6318AFC80}.Debug|x86.ActiveCfg = Debug|Any CPU
		{4D11E775-0EF0-470C-84A2-AAB6318AFC80}.Release|Any CPU.ActiveCfg = Release|Any CPU
		{4D11E775-0EF0-470C-84A2-AAB6318AFC80}.Release|Any CPU.Build.0 = Release|Any CPU
		{4D11E775-0EF0-470C-84A2-AAB6318AFC80}.Release|Mixed Platforms.ActiveCfg = Release|Any CPU
		{4D11E775-0EF0-470C-84A2-AAB6318AFC80}.Release|Mixed Platforms.Build.0 = Release|Any CPU
		{4D11E775-0EF0-470C-84A2-AAB6318AFC80}.Release|x86.ActiveCfg = Release|Any CPU
		{4D11E775-0EF0-470C-84A2-AAB6318AFC80}.UI|Any CPU.ActiveCfg = Release|Any CPU
		{4D11E775-0EF0-470C-84A2-AAB6318AFC80}.UI|Any CPU.Build.0 = Release|Any CPU
		{4D11E775-0EF0-470C-84A2-AAB6318AFC80}.UI|Mixed Platforms.ActiveCfg = Release|Any CPU
		{4D11E775-0EF0-470C-84A2-AAB6318AFC80}.UI|Mixed Platforms.Build.0 = Release|Any CPU
		{4D11E775-0EF0-470C-84A2-AAB6318AFC80}.UI|x86.ActiveCfg = Release|Any CPU
		{4D11E775-0EF0-470C-84A2-AAB6318AFC80}.UIDebug|Any CPU.ActiveCfg = Debug|Any CPU
		{4D11E775-0EF0-470C-84A2-AAB6318AFC80}.UIDebug|Any CPU.Build.0 = Debug|Any CPU
		{4D11E775-0EF0-470C-84A2-AAB6318AFC80}.UIDebug|Mixed Platforms.ActiveCfg = Debug|Any CPU
		{4D11E775-0EF0-470C-84A2-AAB6318AFC80}.UIDebug|Mixed Platforms.Build.0 = Debug|Any CPU
		{4D11E775-0EF0-470C-84A2-AAB6318AFC80}.UIDebug|x86.ActiveCfg = Debug|Any CPU
		{733A41D2-E800-44B0-9D1D-90481F4207D5}.Debug|Any CPU.ActiveCfg = Debug|Any CPU
		{733A41D2-E800-44B0-9D1D-90481F4207D5}.Debug|Any CPU.Build.0 = Debug|Any CPU
		{733A41D2-E800-44B0-9D1D-90481F4207D5}.Debug|Mixed Platforms.ActiveCfg = Debug|Any CPU
		{733A41D2-E800-44B0-9D1D-90481F4207D5}.Debug|Mixed Platforms.Build.0 = Debug|Any CPU
		{733A41D2-E800-44B0-9D1D-90481F4207D5}.Debug|x86.ActiveCfg = Debug|Any CPU
		{733A41D2-E800-44B0-9D1D-90481F4207D5}.Release|Any CPU.ActiveCfg = Release|Any CPU
		{733A41D2-E800-44B0-9D1D-90481F4207D5}.Release|Any CPU.Build.0 = Release|Any CPU
		{733A41D2-E800-44B0-9D1D-90481F4207D5}.Release|Mixed Platforms.ActiveCfg = Release|Any CPU
		{733A41D2-E800-44B0-9D1D-90481F4207D5}.Release|Mixed Platforms.Build.0 = Release|Any CPU
		{733A41D2-E800-44B0-9D1D-90481F4207D5}.Release|x86.ActiveCfg = Release|Any CPU
		{733A41D2-E800-44B0-9D1D-90481F4207D5}.UI|Any CPU.ActiveCfg = Release|Any CPU
		{733A41D2-E800-44B0-9D1D-90481F4207D5}.UI|Any CPU.Build.0 = Release|Any CPU
		{733A41D2-E800-44B0-9D1D-90481F4207D5}.UI|Mixed Platforms.ActiveCfg = Release|Any CPU
		{733A41D2-E800-44B0-9D1D-90481F4207D5}.UI|Mixed Platforms.Build.0 = Release|Any CPU
		{733A41D2-E800-44B0-9D1D-90481F4207D5}.UI|x86.ActiveCfg = Release|Any CPU
		{733A41D2-E800-44B0-9D1D-90481F4207D5}.UIDebug|Any CPU.ActiveCfg = Debug|Any CPU
		{733A41D2-E800-44B0-9D1D-90481F4207D5}.UIDebug|Any CPU.Build.0 = Debug|Any CPU
		{733A41D2-E800-44B0-9D1D-90481F4207D5}.UIDebug|Mixed Platforms.ActiveCfg = Debug|Any CPU
		{733A41D2-E800-44B0-9D1D-90481F4207D5}.UIDebug|Mixed Platforms.Build.0 = Debug|Any CPU
		{733A41D2-E800-44B0-9D1D-90481F4207D5}.UIDebug|x86.ActiveCfg = Debug|Any CPU
		{84CCC052-4DD1-4153-9A04-27A43BEEE4F7}.Debug|Any CPU.ActiveCfg = Debug|Any CPU
		{84CCC052-4DD1-4153-9A04-27A43BEEE4F7}.Debug|Any CPU.Build.0 = Debug|Any CPU
		{84CCC052-4DD1-4153-9A04-27A43BEEE4F7}.Debug|Mixed Platforms.ActiveCfg = Debug|Any CPU
		{84CCC052-4DD1-4153-9A04-27A43BEEE4F7}.Debug|Mixed Platforms.Build.0 = Debug|Any CPU
		{84CCC052-4DD1-4153-9A04-27A43BEEE4F7}.Debug|x86.ActiveCfg = Debug|Any CPU
		{84CCC052-4DD1-4153-9A04-27A43BEEE4F7}.Release|Any CPU.ActiveCfg = Release|Any CPU
		{84CCC052-4DD1-4153-9A04-27A43BEEE4F7}.Release|Any CPU.Build.0 = Release|Any CPU
		{84CCC052-4DD1-4153-9A04-27A43BEEE4F7}.Release|Mixed Platforms.ActiveCfg = Release|Any CPU
		{84CCC052-4DD1-4153-9A04-27A43BEEE4F7}.Release|Mixed Platforms.Build.0 = Release|Any CPU
		{84CCC052-4DD1-4153-9A04-27A43BEEE4F7}.Release|x86.ActiveCfg = Release|Any CPU
		{84CCC052-4DD1-4153-9A04-27A43BEEE4F7}.UI|Any CPU.ActiveCfg = Release|Any CPU
		{84CCC052-4DD1-4153-9A04-27A43BEEE4F7}.UI|Any CPU.Build.0 = Release|Any CPU
		{84CCC052-4DD1-4153-9A04-27A43BEEE4F7}.UI|Mixed Platforms.ActiveCfg = Release|Any CPU
		{84CCC052-4DD1-4153-9A04-27A43BEEE4F7}.UI|Mixed Platforms.Build.0 = Release|Any CPU
		{84CCC052-4DD1-4153-9A04-27A43BEEE4F7}.UI|x86.ActiveCfg = Release|Any CPU
		{84CCC052-4DD1-4153-9A04-27A43BEEE4F7}.UIDebug|Any CPU.ActiveCfg = Debug|Any CPU
		{84CCC052-4DD1-4153-9A04-27A43BEEE4F7}.UIDebug|Any CPU.Build.0 = Debug|Any CPU
		{84CCC052-4DD1-4153-9A04-27A43BEEE4F7}.UIDebug|Mixed Platforms.ActiveCfg = Debug|Any CPU
		{84CCC052-4DD1-4153-9A04-27A43BEEE4F7}.UIDebug|Mixed Platforms.Build.0 = Debug|Any CPU
		{84CCC052-4DD1-4153-9A04-27A43BEEE4F7}.UIDebug|x86.ActiveCfg = Debug|Any CPU
		{764CEDC0-CAC5-4252-AE43-D2F2E9763F5F}.Debug|Any CPU.ActiveCfg = Debug|Any CPU
		{764CEDC0-CAC5-4252-AE43-D2F2E9763F5F}.Debug|Any CPU.Build.0 = Debug|Any CPU
		{764CEDC0-CAC5-4252-AE43-D2F2E9763F5F}.Debug|Mixed Platforms.ActiveCfg = Debug|Any CPU
		{764CEDC0-CAC5-4252-AE43-D2F2E9763F5F}.Debug|Mixed Platforms.Build.0 = Debug|Any CPU
		{764CEDC0-CAC5-4252-AE43-D2F2E9763F5F}.Debug|x86.ActiveCfg = Debug|Any CPU
		{764CEDC0-CAC5-4252-AE43-D2F2E9763F5F}.Release|Any CPU.ActiveCfg = Release|Any CPU
		{764CEDC0-CAC5-4252-AE43-D2F2E9763F5F}.Release|Any CPU.Build.0 = Release|Any CPU
		{764CEDC0-CAC5-4252-AE43-D2F2E9763F5F}.Release|Mixed Platforms.ActiveCfg = Release|Any CPU
		{764CEDC0-CAC5-4252-AE43-D2F2E9763F5F}.Release|Mixed Platforms.Build.0 = Release|Any CPU
		{764CEDC0-CAC5-4252-AE43-D2F2E9763F5F}.Release|x86.ActiveCfg = Release|Any CPU
		{764CEDC0-CAC5-4252-AE43-D2F2E9763F5F}.UI|Any CPU.ActiveCfg = UI|Any CPU
		{764CEDC0-CAC5-4252-AE43-D2F2E9763F5F}.UI|Any CPU.Build.0 = UI|Any CPU
		{764CEDC0-CAC5-4252-AE43-D2F2E9763F5F}.UI|Mixed Platforms.ActiveCfg = UI|Any CPU
		{764CEDC0-CAC5-4252-AE43-D2F2E9763F5F}.UI|Mixed Platforms.Build.0 = UI|Any CPU
		{764CEDC0-CAC5-4252-AE43-D2F2E9763F5F}.UI|x86.ActiveCfg = UI|Any CPU
		{764CEDC0-CAC5-4252-AE43-D2F2E9763F5F}.UIDebug|Any CPU.ActiveCfg = UIDebug|Any CPU
		{764CEDC0-CAC5-4252-AE43-D2F2E9763F5F}.UIDebug|Any CPU.Build.0 = UIDebug|Any CPU
		{764CEDC0-CAC5-4252-AE43-D2F2E9763F5F}.UIDebug|Mixed Platforms.ActiveCfg = UIDebug|Any CPU
		{764CEDC0-CAC5-4252-AE43-D2F2E9763F5F}.UIDebug|Mixed Platforms.Build.0 = UIDebug|Any CPU
		{764CEDC0-CAC5-4252-AE43-D2F2E9763F5F}.UIDebug|x86.ActiveCfg = UIDebug|Any CPU
		{443EC6D3-A993-44D3-B4B8-44F1F37A8C63}.Debug|Any CPU.ActiveCfg = Debug|Any CPU
		{443EC6D3-A993-44D3-B4B8-44F1F37A8C63}.Debug|Any CPU.Build.0 = Debug|Any CPU
		{443EC6D3-A993-44D3-B4B8-44F1F37A8C63}.Debug|Mixed Platforms.ActiveCfg = Debug|Any CPU
		{443EC6D3-A993-44D3-B4B8-44F1F37A8C63}.Debug|Mixed Platforms.Build.0 = Debug|Any CPU
		{443EC6D3-A993-44D3-B4B8-44F1F37A8C63}.Debug|x86.ActiveCfg = Debug|Any CPU
		{443EC6D3-A993-44D3-B4B8-44F1F37A8C63}.Release|Any CPU.ActiveCfg = Release|Any CPU
		{443EC6D3-A993-44D3-B4B8-44F1F37A8C63}.Release|Any CPU.Build.0 = Release|Any CPU
		{443EC6D3-A993-44D3-B4B8-44F1F37A8C63}.Release|Mixed Platforms.ActiveCfg = Release|Any CPU
		{443EC6D3-A993-44D3-B4B8-44F1F37A8C63}.Release|Mixed Platforms.Build.0 = Release|Any CPU
		{443EC6D3-A993-44D3-B4B8-44F1F37A8C63}.Release|x86.ActiveCfg = Release|Any CPU
		{443EC6D3-A993-44D3-B4B8-44F1F37A8C63}.UI|Any CPU.ActiveCfg = Release|Any CPU
		{443EC6D3-A993-44D3-B4B8-44F1F37A8C63}.UI|Any CPU.Build.0 = Release|Any CPU
		{443EC6D3-A993-44D3-B4B8-44F1F37A8C63}.UI|Mixed Platforms.ActiveCfg = Release|Any CPU
		{443EC6D3-A993-44D3-B4B8-44F1F37A8C63}.UI|Mixed Platforms.Build.0 = Release|Any CPU
		{443EC6D3-A993-44D3-B4B8-44F1F37A8C63}.UI|x86.ActiveCfg = Release|Any CPU
		{443EC6D3-A993-44D3-B4B8-44F1F37A8C63}.UIDebug|Any CPU.ActiveCfg = Debug|Any CPU
		{443EC6D3-A993-44D3-B4B8-44F1F37A8C63}.UIDebug|Any CPU.Build.0 = Debug|Any CPU
		{443EC6D3-A993-44D3-B4B8-44F1F37A8C63}.UIDebug|Mixed Platforms.ActiveCfg = Debug|Any CPU
		{443EC6D3-A993-44D3-B4B8-44F1F37A8C63}.UIDebug|Mixed Platforms.Build.0 = Debug|Any CPU
		{443EC6D3-A993-44D3-B4B8-44F1F37A8C63}.UIDebug|x86.ActiveCfg = Debug|Any CPU
	EndGlobalSection
	GlobalSection(SolutionProperties) = preSolution
		HideSolutionNode = FALSE
	EndGlobalSection
EndGlobal
