
Microsoft Visual Studio Solution File, Format Version 12.00
# Visual Studio 2012
Project("{2150E333-8FDC-42A3-9474-1A3956D46DE8}") = "RefrenceProject", "RefrenceProject", "{58530803-6947-4233-A089-2D9068013609}"
EndProject
Project("{2150E333-8FDC-42A3-9474-1A3956D46DE8}") = "WindowsService", "WindowsService", "{61CD179F-9084-4D21-9BAB-0718B8B2F16C}"
EndProject
Project("{FAE04EC0-301F-11D3-BF4B-00C04F79EFBC}") = "SMT.HRM.Services", "SMT.HRM.Services\SMT.HRM.Services.csproj", "{F41CE952-0A8E-488C-BD79-05BE26D28801}"
EndProject
Project("{FAE04EC0-301F-11D3-BF4B-00C04F79EFBC}") = "SMT.HRM.UI", "SMT.HRM.UI\SMT.HRM.UI.csproj", "{55F7A86F-8F9D-45EA-B717-B4DB332B71EE}"
	ProjectSection(ProjectDependencies) = postProject
		{F41CE952-0A8E-488C-BD79-05BE26D28801} = {F41CE952-0A8E-488C-BD79-05BE26D28801}
	EndProjectSection
EndProject
Project("{FAE04EC0-301F-11D3-BF4B-00C04F79EFBC}") = "SMT.HRM.UI.Web", "SMT.HRM.UI.Web\SMT.HRM.UI.Web.csproj", "{AED1FC33-2A3F-4C94-A4F7-38126369E241}"
EndProject
Project("{FAE04EC0-301F-11D3-BF4B-00C04F79EFBC}") = "SMT.HRM.CustomModel", "SMT.HRM.CustomModel\SMT.HRM.CustomModel.csproj", "{0E45B937-670F-49E1-8EF1-A4BD312B94DA}"
EndProject
Project("{FAE04EC0-301F-11D3-BF4B-00C04F79EFBC}") = "SMT.HRM.DAL", "SMT.HRM.DAL\SMT.HRM.DAL.csproj", "{D7D1B61B-CD35-46EA-8575-3CF42D8F4F9D}"
EndProject
Project("{FAE04EC0-301F-11D3-BF4B-00C04F79EFBC}") = "SMT.HRM.BLL", "SMT.HRM.BLL\SMT.HRM.BLL.csproj", "{B35234A0-7BF1-49B6-BDF2-4041D0763D9B}"
EndProject
Project("{FAE04EC0-301F-11D3-BF4B-00C04F79EFBC}") = "SMT.HRM.IMServices", "SMT.HRM.IMServices\SMT.HRM.IMServices.csproj", "{113E2BE3-0473-4BE2-A065-293A73391331}"
EndProject
Project("{FAE04EC0-301F-11D3-BF4B-00C04F79EFBC}") = "SMT_HRM_EFModel", "SMT_HRM_EFModel\SMT_HRM_EFModel.csproj", "{C07A351D-305D-4A97-958D-E6449B022F30}"
EndProject
Project("{FAE04EC0-301F-11D3-BF4B-00C04F79EFBC}") = "SMT.SAAS.FrameworkUI", "..\SMT.SaaS.FrameWorkUI\SMT.SaaS.FrameworkUI\SMT.SAAS.FrameworkUI.csproj", "{9A42135A-11F2-4210-A41B-3AC06AC0D835}"
EndProject
Project("{FAE04EC0-301F-11D3-BF4B-00C04F79EFBC}") = "SMT.HRM.ImportAttRecordWinSV", "SMT.HRM.Timing\SMT.ImportClockInRdCustomServies\SMT.HRM.ImportAttRecordWinSV.csproj", "{ACA616AA-D06E-48A1-931B-00A3FC5B42A9}"
EndProject
Project("{FAE04EC0-301F-11D3-BF4B-00C04F79EFBC}") = "SMT.SaaS.Window", "..\SMT.SaaS.FrameWorkUI\SMT.SaaS.Window\SMT.SaaS.Window.csproj", "{15406E6E-A265-4BE9-AFB3-E45433E7252C}"
EndProject
Project("{FAE04EC0-301F-11D3-BF4B-00C04F79EFBC}") = "SMT.SAAS.Controls.Toolkit.Windows", "..\SMT.SaaS.FrameWorkUI\SMT.Controls.Toolkit.Windows\SMT.SAAS.Controls.Toolkit.Windows.csproj", "{E0139D17-5B27-42C0-9F44-AA2A693A8442}"
EndProject
Project("{FAE04EC0-301F-11D3-BF4B-00C04F79EFBC}") = "SMT.Saas.Tools", "..\SMT.SaaS.FrameWorkUI\SMT.Saas.Tools\SMT.Saas.Tools.csproj", "{9484C541-B0A2-437A-8C6F-0BFD7E13934E}"
EndProject
Project("{FAE04EC0-301F-11D3-BF4B-00C04F79EFBC}") = "SMT.SAAS.Main.CurrentContext", "..\SMT.SaaS.FrameWorkUI\SMT.SAAS.Main.CurrentContext\SMT.SAAS.Main.CurrentContext.csproj", "{4B5991D6-D3C6-4BCF-B788-95AFC5323523}"
EndProject
Project("{FAE04EC0-301F-11D3-BF4B-00C04F79EFBC}") = "SMT.SAAS.Main.CurrentContextLoadData", "..\SMT.SaaS.FrameWorkUI\SMT.SAAS.Main.CurrentContextLoadData\SMT.SAAS.Main.CurrentContextLoadData.csproj", "{1E53DE37-0661-4F98-B1EF-8EFF67807F31}"
EndProject
Project("{FAE04EC0-301F-11D3-BF4B-00C04F79EFBC}") = "SMT.SAAS.BLLCommonServices", "..\SMT.SaaS.FrameWorkUI\SMT.SaaS.BLLCommonServices\SMT.SAAS.BLLCommonServices.csproj", "{6673751A-D03D-4D7A-ACF3-F363469B73AE}"
EndProject
Project("{FAE04EC0-301F-11D3-BF4B-00C04F79EFBC}") = "SMT.SAAS.Globalization", "..\SMT.SaaS.FrameWorkUI\SMT.SaaS.Globalization\SMT.SAAS.Globalization.csproj", "{7C8EB5BC-8C15-41BC-B4AC-4AEB046D692C}"
EndProject
Project("{FAE04EC0-301F-11D3-BF4B-00C04F79EFBC}") = "SMT.SaaS.LocalData", "..\SMT.SaaS.FrameWorkUI\SMT.SaaS.LocalData\SMT.SaaS.LocalData.csproj", "{ABE30DE4-D5DF-49A0-A0FF-E0E518DD7E10}"
EndProject
Project("{FAE04EC0-301F-11D3-BF4B-00C04F79EFBC}") = "SMT.Foundation.Core", "..\源码\SMT.Foundation.NewCore\SMT.Foundation.Core.csproj", "{9D2F51E2-9710-4C91-A66B-823EB72437FD}"
EndProject
Global
	GlobalSection(SolutionConfigurationPlatforms) = preSolution
		Debug|Any CPU = Debug|Any CPU
		Debug|Mixed Platforms = Debug|Mixed Platforms
		Debug|x86 = Debug|x86
		Release|Any CPU = Release|Any CPU
		Release|Mixed Platforms = Release|Mixed Platforms
		Release|x86 = Release|x86
	EndGlobalSection
	GlobalSection(ProjectConfigurationPlatforms) = postSolution
		{F41CE952-0A8E-488C-BD79-05BE26D28801}.Debug|Any CPU.ActiveCfg = Debug|Any CPU
		{F41CE952-0A8E-488C-BD79-05BE26D28801}.Debug|Any CPU.Build.0 = Debug|Any CPU
		{F41CE952-0A8E-488C-BD79-05BE26D28801}.Debug|Mixed Platforms.ActiveCfg = Debug|Any CPU
		{F41CE952-0A8E-488C-BD79-05BE26D28801}.Debug|Mixed Platforms.Build.0 = Debug|Any CPU
		{F41CE952-0A8E-488C-BD79-05BE26D28801}.Debug|x86.ActiveCfg = Debug|Any CPU
		{F41CE952-0A8E-488C-BD79-05BE26D28801}.Release|Any CPU.ActiveCfg = Release|Any CPU
		{F41CE952-0A8E-488C-BD79-05BE26D28801}.Release|Any CPU.Build.0 = Release|Any CPU
		{F41CE952-0A8E-488C-BD79-05BE26D28801}.Release|Mixed Platforms.ActiveCfg = Release|Any CPU
		{F41CE952-0A8E-488C-BD79-05BE26D28801}.Release|Mixed Platforms.Build.0 = Release|Any CPU
		{F41CE952-0A8E-488C-BD79-05BE26D28801}.Release|x86.ActiveCfg = Release|Any CPU
		{55F7A86F-8F9D-45EA-B717-B4DB332B71EE}.Debug|Any CPU.ActiveCfg = Debug|Any CPU
		{55F7A86F-8F9D-45EA-B717-B4DB332B71EE}.Debug|Any CPU.Build.0 = Debug|Any CPU
		{55F7A86F-8F9D-45EA-B717-B4DB332B71EE}.Debug|Mixed Platforms.ActiveCfg = Debug|Any CPU
		{55F7A86F-8F9D-45EA-B717-B4DB332B71EE}.Debug|x86.ActiveCfg = Debug|Any CPU
		{55F7A86F-8F9D-45EA-B717-B4DB332B71EE}.Release|Any CPU.ActiveCfg = Release|Any CPU
		{55F7A86F-8F9D-45EA-B717-B4DB332B71EE}.Release|Any CPU.Build.0 = Release|Any CPU
		{55F7A86F-8F9D-45EA-B717-B4DB332B71EE}.Release|Mixed Platforms.ActiveCfg = Release|Any CPU
		{55F7A86F-8F9D-45EA-B717-B4DB332B71EE}.Release|Mixed Platforms.Build.0 = Release|Any CPU
		{55F7A86F-8F9D-45EA-B717-B4DB332B71EE}.Release|x86.ActiveCfg = Release|Any CPU
		{AED1FC33-2A3F-4C94-A4F7-38126369E241}.Debug|Any CPU.ActiveCfg = Debug|Any CPU
		{AED1FC33-2A3F-4C94-A4F7-38126369E241}.Debug|Mixed Platforms.ActiveCfg = Debug|Any CPU
		{AED1FC33-2A3F-4C94-A4F7-38126369E241}.Debug|x86.ActiveCfg = Debug|Any CPU
		{AED1FC33-2A3F-4C94-A4F7-38126369E241}.Release|Any CPU.ActiveCfg = Release|Any CPU
		{AED1FC33-2A3F-4C94-A4F7-38126369E241}.Release|Any CPU.Build.0 = Release|Any CPU
		{AED1FC33-2A3F-4C94-A4F7-38126369E241}.Release|Mixed Platforms.ActiveCfg = Release|Any CPU
		{AED1FC33-2A3F-4C94-A4F7-38126369E241}.Release|Mixed Platforms.Build.0 = Release|Any CPU
		{AED1FC33-2A3F-4C94-A4F7-38126369E241}.Release|x86.ActiveCfg = Release|Any CPU
		{0E45B937-670F-49E1-8EF1-A4BD312B94DA}.Debug|Any CPU.ActiveCfg = Debug|Any CPU
		{0E45B937-670F-49E1-8EF1-A4BD312B94DA}.Debug|Any CPU.Build.0 = Debug|Any CPU
		{0E45B937-670F-49E1-8EF1-A4BD312B94DA}.Debug|Mixed Platforms.ActiveCfg = Debug|Any CPU
		{0E45B937-670F-49E1-8EF1-A4BD312B94DA}.Debug|x86.ActiveCfg = Debug|Any CPU
		{0E45B937-670F-49E1-8EF1-A4BD312B94DA}.Release|Any CPU.ActiveCfg = Release|Any CPU
		{0E45B937-670F-49E1-8EF1-A4BD312B94DA}.Release|Any CPU.Build.0 = Release|Any CPU
		{0E45B937-670F-49E1-8EF1-A4BD312B94DA}.Release|Mixed Platforms.ActiveCfg = Release|Any CPU
		{0E45B937-670F-49E1-8EF1-A4BD312B94DA}.Release|Mixed Platforms.Build.0 = Release|Any CPU
		{0E45B937-670F-49E1-8EF1-A4BD312B94DA}.Release|x86.ActiveCfg = Release|Any CPU
		{D7D1B61B-CD35-46EA-8575-3CF42D8F4F9D}.Debug|Any CPU.ActiveCfg = Debug|Any CPU
		{D7D1B61B-CD35-46EA-8575-3CF42D8F4F9D}.Debug|Any CPU.Build.0 = Debug|Any CPU
		{D7D1B61B-CD35-46EA-8575-3CF42D8F4F9D}.Debug|Mixed Platforms.ActiveCfg = Debug|Any CPU
		{D7D1B61B-CD35-46EA-8575-3CF42D8F4F9D}.Debug|Mixed Platforms.Build.0 = Debug|Any CPU
		{D7D1B61B-CD35-46EA-8575-3CF42D8F4F9D}.Debug|x86.ActiveCfg = Debug|Any CPU
		{D7D1B61B-CD35-46EA-8575-3CF42D8F4F9D}.Release|Any CPU.ActiveCfg = Release|Any CPU
		{D7D1B61B-CD35-46EA-8575-3CF42D8F4F9D}.Release|Any CPU.Build.0 = Release|Any CPU
		{D7D1B61B-CD35-46EA-8575-3CF42D8F4F9D}.Release|Mixed Platforms.ActiveCfg = Release|Any CPU
		{D7D1B61B-CD35-46EA-8575-3CF42D8F4F9D}.Release|Mixed Platforms.Build.0 = Release|Any CPU
		{D7D1B61B-CD35-46EA-8575-3CF42D8F4F9D}.Release|x86.ActiveCfg = Release|Any CPU
		{B35234A0-7BF1-49B6-BDF2-4041D0763D9B}.Debug|Any CPU.ActiveCfg = Debug|Any CPU
		{B35234A0-7BF1-49B6-BDF2-4041D0763D9B}.Debug|Any CPU.Build.0 = Debug|Any CPU
		{B35234A0-7BF1-49B6-BDF2-4041D0763D9B}.Debug|Mixed Platforms.ActiveCfg = Debug|Any CPU
		{B35234A0-7BF1-49B6-BDF2-4041D0763D9B}.Debug|Mixed Platforms.Build.0 = Debug|Any CPU
		{B35234A0-7BF1-49B6-BDF2-4041D0763D9B}.Debug|x86.ActiveCfg = Debug|Any CPU
		{B35234A0-7BF1-49B6-BDF2-4041D0763D9B}.Release|Any CPU.ActiveCfg = Release|Any CPU
		{B35234A0-7BF1-49B6-BDF2-4041D0763D9B}.Release|Any CPU.Build.0 = Release|Any CPU
		{B35234A0-7BF1-49B6-BDF2-4041D0763D9B}.Release|Mixed Platforms.ActiveCfg = Release|Any CPU
		{B35234A0-7BF1-49B6-BDF2-4041D0763D9B}.Release|Mixed Platforms.Build.0 = Release|Any CPU
		{B35234A0-7BF1-49B6-BDF2-4041D0763D9B}.Release|x86.ActiveCfg = Release|Any CPU
		{113E2BE3-0473-4BE2-A065-293A73391331}.Debug|Any CPU.ActiveCfg = Debug|Any CPU
		{113E2BE3-0473-4BE2-A065-293A73391331}.Debug|Mixed Platforms.ActiveCfg = Debug|Any CPU
		{113E2BE3-0473-4BE2-A065-293A73391331}.Debug|x86.ActiveCfg = Debug|Any CPU
		{113E2BE3-0473-4BE2-A065-293A73391331}.Release|Any CPU.ActiveCfg = Release|Any CPU
		{113E2BE3-0473-4BE2-A065-293A73391331}.Release|Any CPU.Build.0 = Release|Any CPU
		{113E2BE3-0473-4BE2-A065-293A73391331}.Release|Mixed Platforms.ActiveCfg = Release|Any CPU
		{113E2BE3-0473-4BE2-A065-293A73391331}.Release|Mixed Platforms.Build.0 = Release|Any CPU
		{113E2BE3-0473-4BE2-A065-293A73391331}.Release|x86.ActiveCfg = Release|Any CPU
		{C07A351D-305D-4A97-958D-E6449B022F30}.Debug|Any CPU.ActiveCfg = Debug|Any CPU
		{C07A351D-305D-4A97-958D-E6449B022F30}.Debug|Mixed Platforms.ActiveCfg = Debug|Any CPU
		{C07A351D-305D-4A97-958D-E6449B022F30}.Debug|x86.ActiveCfg = Debug|Any CPU
		{C07A351D-305D-4A97-958D-E6449B022F30}.Release|Any CPU.ActiveCfg = Release|Any CPU
		{C07A351D-305D-4A97-958D-E6449B022F30}.Release|Any CPU.Build.0 = Release|Any CPU
		{C07A351D-305D-4A97-958D-E6449B022F30}.Release|Mixed Platforms.ActiveCfg = Release|Any CPU
		{C07A351D-305D-4A97-958D-E6449B022F30}.Release|Mixed Platforms.Build.0 = Release|Any CPU
		{C07A351D-305D-4A97-958D-E6449B022F30}.Release|x86.ActiveCfg = Release|Any CPU
		{9A42135A-11F2-4210-A41B-3AC06AC0D835}.Debug|Any CPU.ActiveCfg = Debug|Any CPU
		{9A42135A-11F2-4210-A41B-3AC06AC0D835}.Debug|Mixed Platforms.ActiveCfg = Debug|Any CPU
		{9A42135A-11F2-4210-A41B-3AC06AC0D835}.Debug|x86.ActiveCfg = Debug|Any CPU
		{9A42135A-11F2-4210-A41B-3AC06AC0D835}.Release|Any CPU.ActiveCfg = Release|Any CPU
		{9A42135A-11F2-4210-A41B-3AC06AC0D835}.Release|Any CPU.Build.0 = Release|Any CPU
		{9A42135A-11F2-4210-A41B-3AC06AC0D835}.Release|Mixed Platforms.ActiveCfg = Release|Any CPU
		{9A42135A-11F2-4210-A41B-3AC06AC0D835}.Release|Mixed Platforms.Build.0 = Release|Any CPU
		{9A42135A-11F2-4210-A41B-3AC06AC0D835}.Release|x86.ActiveCfg = Release|Any CPU
		{ACA616AA-D06E-48A1-931B-00A3FC5B42A9}.Debug|Any CPU.ActiveCfg = Debug|x86
		{ACA616AA-D06E-48A1-931B-00A3FC5B42A9}.Debug|Mixed Platforms.ActiveCfg = Debug|x86
		{ACA616AA-D06E-48A1-931B-00A3FC5B42A9}.Debug|x86.ActiveCfg = Debug|x86
		{ACA616AA-D06E-48A1-931B-00A3FC5B42A9}.Debug|x86.Build.0 = Debug|x86
		{ACA616AA-D06E-48A1-931B-00A3FC5B42A9}.Release|Any CPU.ActiveCfg = Release|x86
		{ACA616AA-D06E-48A1-931B-00A3FC5B42A9}.Release|Mixed Platforms.ActiveCfg = Release|x86
		{ACA616AA-D06E-48A1-931B-00A3FC5B42A9}.Release|Mixed Platforms.Build.0 = Release|x86
		{ACA616AA-D06E-48A1-931B-00A3FC5B42A9}.Release|x86.ActiveCfg = Release|x86
		{ACA616AA-D06E-48A1-931B-00A3FC5B42A9}.Release|x86.Build.0 = Release|x86
		{15406E6E-A265-4BE9-AFB3-E45433E7252C}.Debug|Any CPU.ActiveCfg = Debug|Any CPU
		{15406E6E-A265-4BE9-AFB3-E45433E7252C}.Debug|Mixed Platforms.ActiveCfg = Debug|Any CPU
		{15406E6E-A265-4BE9-AFB3-E45433E7252C}.Debug|x86.ActiveCfg = Debug|Any CPU
		{15406E6E-A265-4BE9-AFB3-E45433E7252C}.Release|Any CPU.ActiveCfg = Release|Any CPU
		{15406E6E-A265-4BE9-AFB3-E45433E7252C}.Release|Any CPU.Build.0 = Release|Any CPU
		{15406E6E-A265-4BE9-AFB3-E45433E7252C}.Release|Mixed Platforms.ActiveCfg = Release|Any CPU
		{15406E6E-A265-4BE9-AFB3-E45433E7252C}.Release|Mixed Platforms.Build.0 = Release|Any CPU
		{15406E6E-A265-4BE9-AFB3-E45433E7252C}.Release|x86.ActiveCfg = Release|Any CPU
		{E0139D17-5B27-42C0-9F44-AA2A693A8442}.Debug|Any CPU.ActiveCfg = Debug|Any CPU
		{E0139D17-5B27-42C0-9F44-AA2A693A8442}.Debug|Mixed Platforms.ActiveCfg = Debug|Any CPU
		{E0139D17-5B27-42C0-9F44-AA2A693A8442}.Debug|x86.ActiveCfg = Debug|Any CPU
		{E0139D17-5B27-42C0-9F44-AA2A693A8442}.Release|Any CPU.ActiveCfg = Release|Any CPU
		{E0139D17-5B27-42C0-9F44-AA2A693A8442}.Release|Any CPU.Build.0 = Release|Any CPU
		{E0139D17-5B27-42C0-9F44-AA2A693A8442}.Release|Mixed Platforms.ActiveCfg = Release|Any CPU
		{E0139D17-5B27-42C0-9F44-AA2A693A8442}.Release|Mixed Platforms.Build.0 = Release|Any CPU
		{E0139D17-5B27-42C0-9F44-AA2A693A8442}.Release|x86.ActiveCfg = Release|Any CPU
		{9484C541-B0A2-437A-8C6F-0BFD7E13934E}.Debug|Any CPU.ActiveCfg = Debug|Any CPU
		{9484C541-B0A2-437A-8C6F-0BFD7E13934E}.Debug|Mixed Platforms.ActiveCfg = Debug|Any CPU
		{9484C541-B0A2-437A-8C6F-0BFD7E13934E}.Debug|x86.ActiveCfg = Debug|Any CPU
		{9484C541-B0A2-437A-8C6F-0BFD7E13934E}.Release|Any CPU.ActiveCfg = Release|Any CPU
		{9484C541-B0A2-437A-8C6F-0BFD7E13934E}.Release|Any CPU.Build.0 = Release|Any CPU
		{9484C541-B0A2-437A-8C6F-0BFD7E13934E}.Release|Mixed Platforms.ActiveCfg = Release|Any CPU
		{9484C541-B0A2-437A-8C6F-0BFD7E13934E}.Release|Mixed Platforms.Build.0 = Release|Any CPU
		{9484C541-B0A2-437A-8C6F-0BFD7E13934E}.Release|x86.ActiveCfg = Release|Any CPU
		{4B5991D6-D3C6-4BCF-B788-95AFC5323523}.Debug|Any CPU.ActiveCfg = Debug|Any CPU
		{4B5991D6-D3C6-4BCF-B788-95AFC5323523}.Debug|Mixed Platforms.ActiveCfg = Debug|Any CPU
		{4B5991D6-D3C6-4BCF-B788-95AFC5323523}.Debug|x86.ActiveCfg = Debug|Any CPU
		{4B5991D6-D3C6-4BCF-B788-95AFC5323523}.Release|Any CPU.ActiveCfg = Release|Any CPU
		{4B5991D6-D3C6-4BCF-B788-95AFC5323523}.Release|Any CPU.Build.0 = Release|Any CPU
		{4B5991D6-D3C6-4BCF-B788-95AFC5323523}.Release|Mixed Platforms.ActiveCfg = Release|Any CPU
		{4B5991D6-D3C6-4BCF-B788-95AFC5323523}.Release|Mixed Platforms.Build.0 = Release|Any CPU
		{4B5991D6-D3C6-4BCF-B788-95AFC5323523}.Release|x86.ActiveCfg = Release|Any CPU
		{1E53DE37-0661-4F98-B1EF-8EFF67807F31}.Debug|Any CPU.ActiveCfg = Debug|Any CPU
		{1E53DE37-0661-4F98-B1EF-8EFF67807F31}.Debug|Mixed Platforms.ActiveCfg = Debug|Any CPU
		{1E53DE37-0661-4F98-B1EF-8EFF67807F31}.Debug|x86.ActiveCfg = Debug|Any CPU
		{1E53DE37-0661-4F98-B1EF-8EFF67807F31}.Release|Any CPU.ActiveCfg = Release|Any CPU
		{1E53DE37-0661-4F98-B1EF-8EFF67807F31}.Release|Any CPU.Build.0 = Release|Any CPU
		{1E53DE37-0661-4F98-B1EF-8EFF67807F31}.Release|Mixed Platforms.ActiveCfg = Release|Any CPU
		{1E53DE37-0661-4F98-B1EF-8EFF67807F31}.Release|Mixed Platforms.Build.0 = Release|Any CPU
		{1E53DE37-0661-4F98-B1EF-8EFF67807F31}.Release|x86.ActiveCfg = Release|Any CPU
		{6673751A-D03D-4D7A-ACF3-F363469B73AE}.Debug|Any CPU.ActiveCfg = Debug|Any CPU
		{6673751A-D03D-4D7A-ACF3-F363469B73AE}.Debug|Mixed Platforms.ActiveCfg = Debug|Any CPU
		{6673751A-D03D-4D7A-ACF3-F363469B73AE}.Debug|x86.ActiveCfg = Debug|Any CPU
		{6673751A-D03D-4D7A-ACF3-F363469B73AE}.Release|Any CPU.ActiveCfg = Release|Any CPU
		{6673751A-D03D-4D7A-ACF3-F363469B73AE}.Release|Any CPU.Build.0 = Release|Any CPU
		{6673751A-D03D-4D7A-ACF3-F363469B73AE}.Release|Mixed Platforms.ActiveCfg = Release|Any CPU
		{6673751A-D03D-4D7A-ACF3-F363469B73AE}.Release|Mixed Platforms.Build.0 = Release|Any CPU
		{6673751A-D03D-4D7A-ACF3-F363469B73AE}.Release|x86.ActiveCfg = Release|Any CPU
		{7C8EB5BC-8C15-41BC-B4AC-4AEB046D692C}.Debug|Any CPU.ActiveCfg = Debug|Any CPU
		{7C8EB5BC-8C15-41BC-B4AC-4AEB046D692C}.Debug|Mixed Platforms.ActiveCfg = Debug|Any CPU
		{7C8EB5BC-8C15-41BC-B4AC-4AEB046D692C}.Debug|x86.ActiveCfg = Debug|Any CPU
		{7C8EB5BC-8C15-41BC-B4AC-4AEB046D692C}.Release|Any CPU.ActiveCfg = Release|Any CPU
		{7C8EB5BC-8C15-41BC-B4AC-4AEB046D692C}.Release|Any CPU.Build.0 = Release|Any CPU
		{7C8EB5BC-8C15-41BC-B4AC-4AEB046D692C}.Release|Mixed Platforms.ActiveCfg = Release|Any CPU
		{7C8EB5BC-8C15-41BC-B4AC-4AEB046D692C}.Release|Mixed Platforms.Build.0 = Release|Any CPU
		{7C8EB5BC-8C15-41BC-B4AC-4AEB046D692C}.Release|x86.ActiveCfg = Release|Any CPU
		{ABE30DE4-D5DF-49A0-A0FF-E0E518DD7E10}.Debug|Any CPU.ActiveCfg = Debug|Any CPU
		{ABE30DE4-D5DF-49A0-A0FF-E0E518DD7E10}.Debug|Any CPU.Build.0 = Debug|Any CPU
		{ABE30DE4-D5DF-49A0-A0FF-E0E518DD7E10}.Debug|Mixed Platforms.ActiveCfg = Debug|Any CPU
		{ABE30DE4-D5DF-49A0-A0FF-E0E518DD7E10}.Debug|Mixed Platforms.Build.0 = Debug|Any CPU
		{ABE30DE4-D5DF-49A0-A0FF-E0E518DD7E10}.Debug|x86.ActiveCfg = Debug|Any CPU
		{ABE30DE4-D5DF-49A0-A0FF-E0E518DD7E10}.Release|Any CPU.ActiveCfg = Release|Any CPU
		{ABE30DE4-D5DF-49A0-A0FF-E0E518DD7E10}.Release|Any CPU.Build.0 = Release|Any CPU
		{ABE30DE4-D5DF-49A0-A0FF-E0E518DD7E10}.Release|Mixed Platforms.ActiveCfg = Release|Any CPU
		{ABE30DE4-D5DF-49A0-A0FF-E0E518DD7E10}.Release|Mixed Platforms.Build.0 = Release|Any CPU
		{ABE30DE4-D5DF-49A0-A0FF-E0E518DD7E10}.Release|x86.ActiveCfg = Release|Any CPU
		{9D2F51E2-9710-4C91-A66B-823EB72437FD}.Debug|Any CPU.ActiveCfg = Debug|Any CPU
		{9D2F51E2-9710-4C91-A66B-823EB72437FD}.Debug|Any CPU.Build.0 = Debug|Any CPU
		{9D2F51E2-9710-4C91-A66B-823EB72437FD}.Debug|Mixed Platforms.ActiveCfg = Debug|Any CPU
		{9D2F51E2-9710-4C91-A66B-823EB72437FD}.Debug|Mixed Platforms.Build.0 = Debug|Any CPU
		{9D2F51E2-9710-4C91-A66B-823EB72437FD}.Debug|x86.ActiveCfg = Debug|Any CPU
		{9D2F51E2-9710-4C91-A66B-823EB72437FD}.Release|Any CPU.ActiveCfg = Release|Any CPU
		{9D2F51E2-9710-4C91-A66B-823EB72437FD}.Release|Any CPU.Build.0 = Release|Any CPU
		{9D2F51E2-9710-4C91-A66B-823EB72437FD}.Release|Mixed Platforms.ActiveCfg = Release|Any CPU
		{9D2F51E2-9710-4C91-A66B-823EB72437FD}.Release|Mixed Platforms.Build.0 = Release|Any CPU
		{9D2F51E2-9710-4C91-A66B-823EB72437FD}.Release|x86.ActiveCfg = Release|Any CPU
	EndGlobalSection
	GlobalSection(SolutionProperties) = preSolution
		HideSolutionNode = FALSE
	EndGlobalSection
	GlobalSection(NestedProjects) = preSolution
		{C07A351D-305D-4A97-958D-E6449B022F30} = {58530803-6947-4233-A089-2D9068013609}
		{9A42135A-11F2-4210-A41B-3AC06AC0D835} = {58530803-6947-4233-A089-2D9068013609}
		{15406E6E-A265-4BE9-AFB3-E45433E7252C} = {58530803-6947-4233-A089-2D9068013609}
		{E0139D17-5B27-42C0-9F44-AA2A693A8442} = {58530803-6947-4233-A089-2D9068013609}
		{9484C541-B0A2-437A-8C6F-0BFD7E13934E} = {58530803-6947-4233-A089-2D9068013609}
		{4B5991D6-D3C6-4BCF-B788-95AFC5323523} = {58530803-6947-4233-A089-2D9068013609}
		{1E53DE37-0661-4F98-B1EF-8EFF67807F31} = {58530803-6947-4233-A089-2D9068013609}
		{6673751A-D03D-4D7A-ACF3-F363469B73AE} = {58530803-6947-4233-A089-2D9068013609}
		{7C8EB5BC-8C15-41BC-B4AC-4AEB046D692C} = {58530803-6947-4233-A089-2D9068013609}
		{ABE30DE4-D5DF-49A0-A0FF-E0E518DD7E10} = {58530803-6947-4233-A089-2D9068013609}
		{9D2F51E2-9710-4C91-A66B-823EB72437FD} = {58530803-6947-4233-A089-2D9068013609}
		{ACA616AA-D06E-48A1-931B-00A3FC5B42A9} = {61CD179F-9084-4D21-9BAB-0718B8B2F16C}
	EndGlobalSection
EndGlobal
